
Microsoft Visual Studio Solution File, Format Version 11.00
# Visual Studio 2010
Project("{8BC9CEB8-8B4A-11D0-8D11-00A0C91BC942}") = "App_AllBullet2Demos", "App_AllBullet2Demos.vcxproj", "{69C187BC-424B-D543-AEEF-06138682302F}"
	ProjectSection(ProjectDependencies) = postProject
		{9153D97A-F1DD-C743-A173-C4C0DC175C5E} = {9153D97A-F1DD-C743-A173-C4C0DC175C5E}
		{8F941238-731C-9149-80D5-41E7CB3057A8} = {8F941238-731C-9149-80D5-41E7CB3057A8}
		{EDF4E81B-ADC4-1746-BA7E-20DF4C6C496C} = {EDF4E81B-ADC4-1746-BA7E-20DF4C6C496C}
		{47A36594-F381-DD42-A056-071C564944DF} = {47A36594-F381-DD42-A056-071C564944DF}
		{070D6CCE-4C74-8B4A-93AE-3D0BB8B77833} = {070D6CCE-4C74-8B4A-93AE-3D0BB8B77833}
		{EE392EFE-D6D9-2B49-A2D8-01C28ED31E41} = {EE392EFE-D6D9-2B49-A2D8-01C28ED31E41}
		{F03312F6-26EC-0B4C-8DDB-02DE15D513B6} = {F03312F6-26EC-0B4C-8DDB-02DE15D513B6}
		{3945BE95-8DFE-6544-A1A9-B8F9792EB4AF} = {3945BE95-8DFE-6544-A1A9-B8F9792EB4AF}
	EndProjectSection
EndProject
Project("{8BC9CEB8-8B4A-11D0-8D11-00A0C91BC942}") = "App_Bullet3_OpenCL_Demos_clew", "App_Bullet3_OpenCL_Demos_clew.vcxproj", "{BD4D2CFE-862F-4D42-97ED-0D7E726204B3}"
	ProjectSection(ProjectDependencies) = postProject
		{9153D97A-F1DD-C743-A173-C4C0DC175C5E} = {9153D97A-F1DD-C743-A173-C4C0DC175C5E}
		{73A78E9F-7379-C94F-B111-6017A0413923} = {73A78E9F-7379-C94F-B111-6017A0413923}
		{04E3430A-00E7-1547-A291-BF247678BE9C} = {04E3430A-00E7-1547-A291-BF247678BE9C}
		{7BC20B6F-0E18-FB47-ACED-31620BFB9F86} = {7BC20B6F-0E18-FB47-ACED-31620BFB9F86}
		{429DE134-248D-1247-B791-F173DCA662C6} = {429DE134-248D-1247-B791-F173DCA662C6}
		{5A4CA890-B974-634F-80D8-EBBFBA5FE8E2} = {5A4CA890-B974-634F-80D8-EBBFBA5FE8E2}
		{3A1B26EF-2B7C-7144-9CCF-A4402EB9F936} = {3A1B26EF-2B7C-7144-9CCF-A4402EB9F936}
	EndProjectSection
EndProject
Project("{8BC9CEB8-8B4A-11D0-8D11-00A0C91BC942}") = "OpenGL_Window", "OpenGL_Window.vcxproj", "{8F941238-731C-9149-80D5-41E7CB3057A8}"
EndProject
Project("{8BC9CEB8-8B4A-11D0-8D11-00A0C91BC942}") = "lua-5.2.3", "lua-5.2.3.vcxproj", "{3945BE95-8DFE-6544-A1A9-B8F9792EB4AF}"
EndProject
Project("{8BC9CEB8-8B4A-11D0-8D11-00A0C91BC942}") = "App_LuaCompiler", "App_LuaCompiler.vcxproj", "{702C0686-BF92-0243-92CD-9DB7F7302D83}"
	ProjectSection(ProjectDependencies) = postProject
		{3945BE95-8DFE-6544-A1A9-B8F9792EB4AF} = {3945BE95-8DFE-6544-A1A9-B8F9792EB4AF}
	EndProjectSection
EndProject
Project("{8BC9CEB8-8B4A-11D0-8D11-00A0C91BC942}") = "App_LuaStandalone", "App_LuaStandalone.vcxproj", "{4657432B-738C-B645-B949-02B9062BC2BF}"
	ProjectSection(ProjectDependencies) = postProject
		{3945BE95-8DFE-6544-A1A9-B8F9792EB4AF} = {3945BE95-8DFE-6544-A1A9-B8F9792EB4AF}
	EndProjectSection
EndProject
Project("{8BC9CEB8-8B4A-11D0-8D11-00A0C91BC942}") = "Test_Lua", "Test_Lua.vcxproj", "{4B6B3DFD-4FDC-444E-A8FC-D2DB12A314C8}"
	ProjectSection(ProjectDependencies) = postProject
		{3945BE95-8DFE-6544-A1A9-B8F9792EB4AF} = {3945BE95-8DFE-6544-A1A9-B8F9792EB4AF}
	EndProjectSection
EndProject
Project("{8BC9CEB8-8B4A-11D0-8D11-00A0C91BC942}") = "gwen", "gwen.vcxproj", "{9153D97A-F1DD-C743-A173-C4C0DC175C5E}"
EndProject
Project("{8BC9CEB8-8B4A-11D0-8D11-00A0C91BC942}") = "Test_Gwen_OpenGL", "Test_Gwen_OpenGL.vcxproj", "{313F5EB4-A767-D446-A271-78359A802A89}"
	ProjectSection(ProjectDependencies) = postProject
		{9153D97A-F1DD-C743-A173-C4C0DC175C5E} = {9153D97A-F1DD-C743-A173-C4C0DC175C5E}
	EndProjectSection
EndProject
Project("{8BC9CEB8-8B4A-11D0-8D11-00A0C91BC942}") = "Test_OpenCL_kernel_launch_clew", "Test_OpenCL_kernel_launch_clew.vcxproj", "{6BD32C18-4947-D045-B476-977F25CFE72B}"
EndProject
Project("{8BC9CEB8-8B4A-11D0-8D11-00A0C91BC942}") = "Test_OpenCL_Primitives_clew", "Test_OpenCL_Primitives_clew.vcxproj", "{2DFD01D2-9D48-4A44-8A05-74607D9811E9}"
EndProject
Project("{8BC9CEB8-8B4A-11D0-8D11-00A0C91BC942}") = "Test_OpenCL_RadixSortBenchmark_clew", "Test_OpenCL_RadixSortBenchmark_clew.vcxproj", "{D0B0975E-5477-DC49-8FCD-A4DF29922C85}"
EndProject
Project("{8BC9CEB8-8B4A-11D0-8D11-00A0C91BC942}") = "BulletSoftBody", "BulletSoftBody.vcxproj", "{47A36594-F381-DD42-A056-071C564944DF}"
EndProject
Project("{8BC9CEB8-8B4A-11D0-8D11-00A0C91BC942}") = "BulletDynamics", "BulletDynamics.vcxproj", "{070D6CCE-4C74-8B4A-93AE-3D0BB8B77833}"
EndProject
Project("{8BC9CEB8-8B4A-11D0-8D11-00A0C91BC942}") = "BulletCollision", "BulletCollision.vcxproj", "{EE392EFE-D6D9-2B49-A2D8-01C28ED31E41}"
EndProject
Project("{8BC9CEB8-8B4A-11D0-8D11-00A0C91BC942}") = "LinearMath", "LinearMath.vcxproj", "{F03312F6-26EC-0B4C-8DDB-02DE15D513B6}"
EndProject
Project("{8BC9CEB8-8B4A-11D0-8D11-00A0C91BC942}") = "Bullet3Dynamics", "Bullet3Dynamics.vcxproj", "{7BC20B6F-0E18-FB47-ACED-31620BFB9F86}"
EndProject
Project("{8BC9CEB8-8B4A-11D0-8D11-00A0C91BC942}") = "Bullet3Common", "Bullet3Common.vcxproj", "{3A1B26EF-2B7C-7144-9CCF-A4402EB9F936}"
EndProject
Project("{8BC9CEB8-8B4A-11D0-8D11-00A0C91BC942}") = "Bullet3Geometry", "Bullet3Geometry.vcxproj", "{5A4CA890-B974-634F-80D8-EBBFBA5FE8E2}"
EndProject
Project("{8BC9CEB8-8B4A-11D0-8D11-00A0C91BC942}") = "Bullet3Collision", "Bullet3Collision.vcxproj", "{429DE134-248D-1247-B791-F173DCA662C6}"
EndProject
Project("{8BC9CEB8-8B4A-11D0-8D11-00A0C91BC942}") = "Bullet2FileLoader", "Bullet2FileLoader.vcxproj", "{73A78E9F-7379-C94F-B111-6017A0413923}"
EndProject
Project("{8BC9CEB8-8B4A-11D0-8D11-00A0C91BC942}") = "Bullet3OpenCL_clew", "Bullet3OpenCL_clew.vcxproj", "{04E3430A-00E7-1547-A291-BF247678BE9C}"
EndProject
Project("{8BC9CEB8-8B4A-11D0-8D11-00A0C91BC942}") = "OpenGL_TrueTypeFont", "OpenGL_TrueTypeFont.vcxproj", "{EDF4E81B-ADC4-1746-BA7E-20DF4C6C496C}"
EndProject
Project("{8BC9CEB8-8B4A-11D0-8D11-00A0C91BC942}") = "App_HelloWorld", "App_HelloWorld.vcxproj", "{18940BC2-6A6F-5049-BB77-C57665C5EA61}"
	ProjectSection(ProjectDependencies) = postProject
		{070D6CCE-4C74-8B4A-93AE-3D0BB8B77833} = {070D6CCE-4C74-8B4A-93AE-3D0BB8B77833}
		{EE392EFE-D6D9-2B49-A2D8-01C28ED31E41} = {EE392EFE-D6D9-2B49-A2D8-01C28ED31E41}
		{F03312F6-26EC-0B4C-8DDB-02DE15D513B6} = {F03312F6-26EC-0B4C-8DDB-02DE15D513B6}
	EndProjectSection
EndProject
Project("{8BC9CEB8-8B4A-11D0-8D11-00A0C91BC942}") = "App_BasicDemo", "App_BasicDemo.vcxproj", "{01AD6F99-00AA-A94D-AB53-EE08091BC1B7}"
	ProjectSection(ProjectDependencies) = postProject
		{B9F8BAE5-53C9-2F40-891B-C06D11C78495} = {B9F8BAE5-53C9-2F40-891B-C06D11C78495}
		{070D6CCE-4C74-8B4A-93AE-3D0BB8B77833} = {070D6CCE-4C74-8B4A-93AE-3D0BB8B77833}
		{EE392EFE-D6D9-2B49-A2D8-01C28ED31E41} = {EE392EFE-D6D9-2B49-A2D8-01C28ED31E41}
		{F03312F6-26EC-0B4C-8DDB-02DE15D513B6} = {F03312F6-26EC-0B4C-8DDB-02DE15D513B6}
	EndProjectSection
EndProject
Project("{8BC9CEB8-8B4A-11D0-8D11-00A0C91BC942}") = "App_Box2dDemo", "App_Box2dDemo.vcxproj", "{6E83BBBC-8DE4-5040-8F22-6D74EBBBA44B}"
	ProjectSection(ProjectDependencies) = postProject
		{B9F8BAE5-53C9-2F40-891B-C06D11C78495} = {B9F8BAE5-53C9-2F40-891B-C06D11C78495}
		{070D6CCE-4C74-8B4A-93AE-3D0BB8B77833} = {070D6CCE-4C74-8B4A-93AE-3D0BB8B77833}
		{EE392EFE-D6D9-2B49-A2D8-01C28ED31E41} = {EE392EFE-D6D9-2B49-A2D8-01C28ED31E41}
		{F03312F6-26EC-0B4C-8DDB-02DE15D513B6} = {F03312F6-26EC-0B4C-8DDB-02DE15D513B6}
	EndProjectSection
EndProject
Project("{8BC9CEB8-8B4A-11D0-8D11-00A0C91BC942}") = "App_BspDemo", "App_BspDemo.vcxproj", "{EF86773C-D909-7045-ACA0-5D76178FC99F}"
	ProjectSection(ProjectDependencies) = postProject
		{B9F8BAE5-53C9-2F40-891B-C06D11C78495} = {B9F8BAE5-53C9-2F40-891B-C06D11C78495}
		{070D6CCE-4C74-8B4A-93AE-3D0BB8B77833} = {070D6CCE-4C74-8B4A-93AE-3D0BB8B77833}
		{EE392EFE-D6D9-2B49-A2D8-01C28ED31E41} = {EE392EFE-D6D9-2B49-A2D8-01C28ED31E41}
		{F03312F6-26EC-0B4C-8DDB-02DE15D513B6} = {F03312F6-26EC-0B4C-8DDB-02DE15D513B6}
	EndProjectSection
EndProject
Project("{8BC9CEB8-8B4A-11D0-8D11-00A0C91BC942}") = "App_CcdPhysicsDemo", "App_CcdPhysicsDemo.vcxproj", "{01E3961B-2A62-644F-B911-2DA1CF0390C1}"
	ProjectSection(ProjectDependencies) = postProject
		{B9F8BAE5-53C9-2F40-891B-C06D11C78495} = {B9F8BAE5-53C9-2F40-891B-C06D11C78495}
		{070D6CCE-4C74-8B4A-93AE-3D0BB8B77833} = {070D6CCE-4C74-8B4A-93AE-3D0BB8B77833}
		{EE392EFE-D6D9-2B49-A2D8-01C28ED31E41} = {EE392EFE-D6D9-2B49-A2D8-01C28ED31E41}
		{F03312F6-26EC-0B4C-8DDB-02DE15D513B6} = {F03312F6-26EC-0B4C-8DDB-02DE15D513B6}
	EndProjectSection
EndProject
Project("{8BC9CEB8-8B4A-11D0-8D11-00A0C91BC942}") = "App_CollisionDemo", "App_CollisionDemo.vcxproj", "{82B69986-C7EF-B14A-B8D0-3315201C9DD4}"
	ProjectSection(ProjectDependencies) = postProject
		{B9F8BAE5-53C9-2F40-891B-C06D11C78495} = {B9F8BAE5-53C9-2F40-891B-C06D11C78495}
		{070D6CCE-4C74-8B4A-93AE-3D0BB8B77833} = {070D6CCE-4C74-8B4A-93AE-3D0BB8B77833}
		{EE392EFE-D6D9-2B49-A2D8-01C28ED31E41} = {EE392EFE-D6D9-2B49-A2D8-01C28ED31E41}
		{F03312F6-26EC-0B4C-8DDB-02DE15D513B6} = {F03312F6-26EC-0B4C-8DDB-02DE15D513B6}
	EndProjectSection
EndProject
Project("{8BC9CEB8-8B4A-11D0-8D11-00A0C91BC942}") = "App_CollisionInterfaceDemo", "App_CollisionInterfaceDemo.vcxproj", "{63CA5221-FB1D-1543-8A08-1F24EA05DFC8}"
	ProjectSection(ProjectDependencies) = postProject
		{B9F8BAE5-53C9-2F40-891B-C06D11C78495} = {B9F8BAE5-53C9-2F40-891B-C06D11C78495}
		{070D6CCE-4C74-8B4A-93AE-3D0BB8B77833} = {070D6CCE-4C74-8B4A-93AE-3D0BB8B77833}
		{EE392EFE-D6D9-2B49-A2D8-01C28ED31E41} = {EE392EFE-D6D9-2B49-A2D8-01C28ED31E41}
		{F03312F6-26EC-0B4C-8DDB-02DE15D513B6} = {F03312F6-26EC-0B4C-8DDB-02DE15D513B6}
	EndProjectSection
EndProject
Project("{8BC9CEB8-8B4A-11D0-8D11-00A0C91BC942}") = "App_ConcaveConvexcastDemo", "App_ConcaveConvexcastDemo.vcxproj", "{B0734ECE-BD3E-E045-910D-8CFE6D6C687A}"
	ProjectSection(ProjectDependencies) = postProject
		{B9F8BAE5-53C9-2F40-891B-C06D11C78495} = {B9F8BAE5-53C9-2F40-891B-C06D11C78495}
		{070D6CCE-4C74-8B4A-93AE-3D0BB8B77833} = {070D6CCE-4C74-8B4A-93AE-3D0BB8B77833}
		{EE392EFE-D6D9-2B49-A2D8-01C28ED31E41} = {EE392EFE-D6D9-2B49-A2D8-01C28ED31E41}
		{F03312F6-26EC-0B4C-8DDB-02DE15D513B6} = {F03312F6-26EC-0B4C-8DDB-02DE15D513B6}
	EndProjectSection
EndProject
Project("{8BC9CEB8-8B4A-11D0-8D11-00A0C91BC942}") = "App_ConcaveDemo", "App_ConcaveDemo.vcxproj", "{23461544-00A9-6F4A-AD03-1CA057F579AB}"
	ProjectSection(ProjectDependencies) = postProject
		{B9F8BAE5-53C9-2F40-891B-C06D11C78495} = {B9F8BAE5-53C9-2F40-891B-C06D11C78495}
		{070D6CCE-4C74-8B4A-93AE-3D0BB8B77833} = {070D6CCE-4C74-8B4A-93AE-3D0BB8B77833}
		{EE392EFE-D6D9-2B49-A2D8-01C28ED31E41} = {EE392EFE-D6D9-2B49-A2D8-01C28ED31E41}
		{F03312F6-26EC-0B4C-8DDB-02DE15D513B6} = {F03312F6-26EC-0B4C-8DDB-02DE15D513B6}
	EndProjectSection
EndProject
Project("{8BC9CEB8-8B4A-11D0-8D11-00A0C91BC942}") = "App_ConcaveRaycastDemo", "App_ConcaveRaycastDemo.vcxproj", "{FA14BF78-314B-4A48-93A1-AA5B422381FB}"
	ProjectSection(ProjectDependencies) = postProject
		{B9F8BAE5-53C9-2F40-891B-C06D11C78495} = {B9F8BAE5-53C9-2F40-891B-C06D11C78495}
		{070D6CCE-4C74-8B4A-93AE-3D0BB8B77833} = {070D6CCE-4C74-8B4A-93AE-3D0BB8B77833}
		{EE392EFE-D6D9-2B49-A2D8-01C28ED31E41} = {EE392EFE-D6D9-2B49-A2D8-01C28ED31E41}
		{F03312F6-26EC-0B4C-8DDB-02DE15D513B6} = {F03312F6-26EC-0B4C-8DDB-02DE15D513B6}
	EndProjectSection
EndProject
Project("{8BC9CEB8-8B4A-11D0-8D11-00A0C91BC942}") = "App_ConstraintDemo", "App_ConstraintDemo.vcxproj", "{D1796316-EBA2-C044-9372-C1B23EA62537}"
	ProjectSection(ProjectDependencies) = postProject
		{B9F8BAE5-53C9-2F40-891B-C06D11C78495} = {B9F8BAE5-53C9-2F40-891B-C06D11C78495}
		{070D6CCE-4C74-8B4A-93AE-3D0BB8B77833} = {070D6CCE-4C74-8B4A-93AE-3D0BB8B77833}
		{EE392EFE-D6D9-2B49-A2D8-01C28ED31E41} = {EE392EFE-D6D9-2B49-A2D8-01C28ED31E41}
		{F03312F6-26EC-0B4C-8DDB-02DE15D513B6} = {F03312F6-26EC-0B4C-8DDB-02DE15D513B6}
	EndProjectSection
EndProject
Project("{8BC9CEB8-8B4A-11D0-8D11-00A0C91BC942}") = "App_ContinuousConvexCollision", "App_ContinuousConvexCollision.vcxproj", "{4B95E82B-B393-054E-A27D-638592881A2E}"
	ProjectSection(ProjectDependencies) = postProject
		{B9F8BAE5-53C9-2F40-891B-C06D11C78495} = {B9F8BAE5-53C9-2F40-891B-C06D11C78495}
		{070D6CCE-4C74-8B4A-93AE-3D0BB8B77833} = {070D6CCE-4C74-8B4A-93AE-3D0BB8B77833}
		{EE392EFE-D6D9-2B49-A2D8-01C28ED31E41} = {EE392EFE-D6D9-2B49-A2D8-01C28ED31E41}
		{F03312F6-26EC-0B4C-8DDB-02DE15D513B6} = {F03312F6-26EC-0B4C-8DDB-02DE15D513B6}
	EndProjectSection
EndProject
Project("{8BC9CEB8-8B4A-11D0-8D11-00A0C91BC942}") = "App_ConvexHullDistance", "App_ConvexHullDistance.vcxproj", "{98E96B00-97AC-0645-A16C-CDF80C97B8F7}"
	ProjectSection(ProjectDependencies) = postProject
		{B9F8BAE5-53C9-2F40-891B-C06D11C78495} = {B9F8BAE5-53C9-2F40-891B-C06D11C78495}
		{070D6CCE-4C74-8B4A-93AE-3D0BB8B77833} = {070D6CCE-4C74-8B4A-93AE-3D0BB8B77833}
		{EE392EFE-D6D9-2B49-A2D8-01C28ED31E41} = {EE392EFE-D6D9-2B49-A2D8-01C28ED31E41}
		{F03312F6-26EC-0B4C-8DDB-02DE15D513B6} = {F03312F6-26EC-0B4C-8DDB-02DE15D513B6}
	EndProjectSection
EndProject
Project("{8BC9CEB8-8B4A-11D0-8D11-00A0C91BC942}") = "App_DynamicControlDemo", "App_DynamicControlDemo.vcxproj", "{92A946FA-9C4D-4D42-8436-477446815F8F}"
	ProjectSection(ProjectDependencies) = postProject
		{B9F8BAE5-53C9-2F40-891B-C06D11C78495} = {B9F8BAE5-53C9-2F40-891B-C06D11C78495}
		{070D6CCE-4C74-8B4A-93AE-3D0BB8B77833} = {070D6CCE-4C74-8B4A-93AE-3D0BB8B77833}
		{EE392EFE-D6D9-2B49-A2D8-01C28ED31E41} = {EE392EFE-D6D9-2B49-A2D8-01C28ED31E41}
		{F03312F6-26EC-0B4C-8DDB-02DE15D513B6} = {F03312F6-26EC-0B4C-8DDB-02DE15D513B6}
	EndProjectSection
EndProject
Project("{8BC9CEB8-8B4A-11D0-8D11-00A0C91BC942}") = "App_EPAPenDepthDemo", "App_EPAPenDepthDemo.vcxproj", "{D67DA484-BF26-C44C-B845-9BF8E4BA5C46}"
	ProjectSection(ProjectDependencies) = postProject
		{B9F8BAE5-53C9-2F40-891B-C06D11C78495} = {B9F8BAE5-53C9-2F40-891B-C06D11C78495}
		{070D6CCE-4C74-8B4A-93AE-3D0BB8B77833} = {070D6CCE-4C74-8B4A-93AE-3D0BB8B77833}
		{EE392EFE-D6D9-2B49-A2D8-01C28ED31E41} = {EE392EFE-D6D9-2B49-A2D8-01C28ED31E41}
		{F03312F6-26EC-0B4C-8DDB-02DE15D513B6} = {F03312F6-26EC-0B4C-8DDB-02DE15D513B6}
	EndProjectSection
EndProject
Project("{8BC9CEB8-8B4A-11D0-8D11-00A0C91BC942}") = "App_ForkLiftDemo", "App_ForkLiftDemo.vcxproj", "{9895E2F5-7356-744B-84EA-A6B42437890A}"
	ProjectSection(ProjectDependencies) = postProject
		{B9F8BAE5-53C9-2F40-891B-C06D11C78495} = {B9F8BAE5-53C9-2F40-891B-C06D11C78495}
		{070D6CCE-4C74-8B4A-93AE-3D0BB8B77833} = {070D6CCE-4C74-8B4A-93AE-3D0BB8B77833}
		{EE392EFE-D6D9-2B49-A2D8-01C28ED31E41} = {EE392EFE-D6D9-2B49-A2D8-01C28ED31E41}
		{F03312F6-26EC-0B4C-8DDB-02DE15D513B6} = {F03312F6-26EC-0B4C-8DDB-02DE15D513B6}
	EndProjectSection
EndProject
Project("{8BC9CEB8-8B4A-11D0-8D11-00A0C91BC942}") = "App_FeatherstoneMultiBodyDemo", "App_FeatherstoneMultiBodyDemo.vcxproj", "{A2621481-DBAA-5F4A-9E5B-778B40E02F4B}"
	ProjectSection(ProjectDependencies) = postProject
		{B9F8BAE5-53C9-2F40-891B-C06D11C78495} = {B9F8BAE5-53C9-2F40-891B-C06D11C78495}
		{070D6CCE-4C74-8B4A-93AE-3D0BB8B77833} = {070D6CCE-4C74-8B4A-93AE-3D0BB8B77833}
		{EE392EFE-D6D9-2B49-A2D8-01C28ED31E41} = {EE392EFE-D6D9-2B49-A2D8-01C28ED31E41}
		{F03312F6-26EC-0B4C-8DDB-02DE15D513B6} = {F03312F6-26EC-0B4C-8DDB-02DE15D513B6}
	EndProjectSection
EndProject
Project("{8BC9CEB8-8B4A-11D0-8D11-00A0C91BC942}") = "App_FractureDemo", "App_FractureDemo.vcxproj", "{C9BAEA62-FC13-ED41-AD12-9AC1A55ECE6A}"
	ProjectSection(ProjectDependencies) = postProject
		{B9F8BAE5-53C9-2F40-891B-C06D11C78495} = {B9F8BAE5-53C9-2F40-891B-C06D11C78495}
		{070D6CCE-4C74-8B4A-93AE-3D0BB8B77833} = {070D6CCE-4C74-8B4A-93AE-3D0BB8B77833}
		{EE392EFE-D6D9-2B49-A2D8-01C28ED31E41} = {EE392EFE-D6D9-2B49-A2D8-01C28ED31E41}
		{F03312F6-26EC-0B4C-8DDB-02DE15D513B6} = {F03312F6-26EC-0B4C-8DDB-02DE15D513B6}
	EndProjectSection
EndProject
Project("{8BC9CEB8-8B4A-11D0-8D11-00A0C91BC942}") = "App_GenericJointDemo", "App_GenericJointDemo.vcxproj", "{59C80B14-B616-1F43-A09C-E715918CA8B5}"
	ProjectSection(ProjectDependencies) = postProject
		{B9F8BAE5-53C9-2F40-891B-C06D11C78495} = {B9F8BAE5-53C9-2F40-891B-C06D11C78495}
		{070D6CCE-4C74-8B4A-93AE-3D0BB8B77833} = {070D6CCE-4C74-8B4A-93AE-3D0BB8B77833}
		{EE392EFE-D6D9-2B49-A2D8-01C28ED31E41} = {EE392EFE-D6D9-2B49-A2D8-01C28ED31E41}
		{F03312F6-26EC-0B4C-8DDB-02DE15D513B6} = {F03312F6-26EC-0B4C-8DDB-02DE15D513B6}
	EndProjectSection
EndProject
Project("{8BC9CEB8-8B4A-11D0-8D11-00A0C91BC942}") = "App_GimpactTestDemo", "App_GimpactTestDemo.vcxproj", "{871E81C4-B9E1-8C47-9993-1FDBE24E72FF}"
	ProjectSection(ProjectDependencies) = postProject
		{B9F8BAE5-53C9-2F40-891B-C06D11C78495} = {B9F8BAE5-53C9-2F40-891B-C06D11C78495}
		{070D6CCE-4C74-8B4A-93AE-3D0BB8B77833} = {070D6CCE-4C74-8B4A-93AE-3D0BB8B77833}
		{EE392EFE-D6D9-2B49-A2D8-01C28ED31E41} = {EE392EFE-D6D9-2B49-A2D8-01C28ED31E41}
		{F03312F6-26EC-0B4C-8DDB-02DE15D513B6} = {F03312F6-26EC-0B4C-8DDB-02DE15D513B6}
	EndProjectSection
EndProject
Project("{8BC9CEB8-8B4A-11D0-8D11-00A0C91BC942}") = "App_GjkConvexCastDemo", "App_GjkConvexCastDemo.vcxproj", "{67A89D8C-EA37-B944-B4B8-059361010BF6}"
	ProjectSection(ProjectDependencies) = postProject
		{B9F8BAE5-53C9-2F40-891B-C06D11C78495} = {B9F8BAE5-53C9-2F40-891B-C06D11C78495}
		{070D6CCE-4C74-8B4A-93AE-3D0BB8B77833} = {070D6CCE-4C74-8B4A-93AE-3D0BB8B77833}
		{EE392EFE-D6D9-2B49-A2D8-01C28ED31E41} = {EE392EFE-D6D9-2B49-A2D8-01C28ED31E41}
		{F03312F6-26EC-0B4C-8DDB-02DE15D513B6} = {F03312F6-26EC-0B4C-8DDB-02DE15D513B6}
	EndProjectSection
EndProject
Project("{8BC9CEB8-8B4A-11D0-8D11-00A0C91BC942}") = "App_GyroscopicDemo", "App_GyroscopicDemo.vcxproj", "{410501CA-9F7B-7745-BF46-A276A8AB3735}"
	ProjectSection(ProjectDependencies) = postProject
		{B9F8BAE5-53C9-2F40-891B-C06D11C78495} = {B9F8BAE5-53C9-2F40-891B-C06D11C78495}
		{070D6CCE-4C74-8B4A-93AE-3D0BB8B77833} = {070D6CCE-4C74-8B4A-93AE-3D0BB8B77833}
		{EE392EFE-D6D9-2B49-A2D8-01C28ED31E41} = {EE392EFE-D6D9-2B49-A2D8-01C28ED31E41}
		{F03312F6-26EC-0B4C-8DDB-02DE15D513B6} = {F03312F6-26EC-0B4C-8DDB-02DE15D513B6}
	EndProjectSection
EndProject
Project("{8BC9CEB8-8B4A-11D0-8D11-00A0C91BC942}") = "App_InternalEdgeDemo", "App_InternalEdgeDemo.vcxproj", "{7183C8AC-2CB4-0F42-93B1-9A9EBF1E6B61}"
	ProjectSection(ProjectDependencies) = postProject
		{B9F8BAE5-53C9-2F40-891B-C06D11C78495} = {B9F8BAE5-53C9-2F40-891B-C06D11C78495}
		{070D6CCE-4C74-8B4A-93AE-3D0BB8B77833} = {070D6CCE-4C74-8B4A-93AE-3D0BB8B77833}
		{EE392EFE-D6D9-2B49-A2D8-01C28ED31E41} = {EE392EFE-D6D9-2B49-A2D8-01C28ED31E41}
		{F03312F6-26EC-0B4C-8DDB-02DE15D513B6} = {F03312F6-26EC-0B4C-8DDB-02DE15D513B6}
	EndProjectSection
EndProject
Project("{8BC9CEB8-8B4A-11D0-8D11-00A0C91BC942}") = "App_MovingConcaveDemo", "App_MovingConcaveDemo.vcxproj", "{8C02DABF-5F0C-2A40-A2C8-EDE3B29AE65B}"
	ProjectSection(ProjectDependencies) = postProject
		{B9F8BAE5-53C9-2F40-891B-C06D11C78495} = {B9F8BAE5-53C9-2F40-891B-C06D11C78495}
		{070D6CCE-4C74-8B4A-93AE-3D0BB8B77833} = {070D6CCE-4C74-8B4A-93AE-3D0BB8B77833}
		{EE392EFE-D6D9-2B49-A2D8-01C28ED31E41} = {EE392EFE-D6D9-2B49-A2D8-01C28ED31E41}
		{F03312F6-26EC-0B4C-8DDB-02DE15D513B6} = {F03312F6-26EC-0B4C-8DDB-02DE15D513B6}
	EndProjectSection
EndProject
Project("{8BC9CEB8-8B4A-11D0-8D11-00A0C91BC942}") = "App_MultiMaterialDemo", "App_MultiMaterialDemo.vcxproj", "{09F79155-83D2-1E41-BF20-3FF2CF8AE748}"
	ProjectSection(ProjectDependencies) = postProject
		{B9F8BAE5-53C9-2F40-891B-C06D11C78495} = {B9F8BAE5-53C9-2F40-891B-C06D11C78495}
		{070D6CCE-4C74-8B4A-93AE-3D0BB8B77833} = {070D6CCE-4C74-8B4A-93AE-3D0BB8B77833}
		{EE392EFE-D6D9-2B49-A2D8-01C28ED31E41} = {EE392EFE-D6D9-2B49-A2D8-01C28ED31E41}
		{F03312F6-26EC-0B4C-8DDB-02DE15D513B6} = {F03312F6-26EC-0B4C-8DDB-02DE15D513B6}
	EndProjectSection
EndProject
Project("{8BC9CEB8-8B4A-11D0-8D11-00A0C91BC942}") = "App_RagdollDemo", "App_RagdollDemo.vcxproj", "{B21E90E4-E83D-0E40-8DEE-23E1FF2C0FCE}"
	ProjectSection(ProjectDependencies) = postProject
		{B9F8BAE5-53C9-2F40-891B-C06D11C78495} = {B9F8BAE5-53C9-2F40-891B-C06D11C78495}
		{070D6CCE-4C74-8B4A-93AE-3D0BB8B77833} = {070D6CCE-4C74-8B4A-93AE-3D0BB8B77833}
		{EE392EFE-D6D9-2B49-A2D8-01C28ED31E41} = {EE392EFE-D6D9-2B49-A2D8-01C28ED31E41}
		{F03312F6-26EC-0B4C-8DDB-02DE15D513B6} = {F03312F6-26EC-0B4C-8DDB-02DE15D513B6}
	EndProjectSection
EndProject
Project("{8BC9CEB8-8B4A-11D0-8D11-00A0C91BC942}") = "App_Raytracer", "App_Raytracer.vcxproj", "{4A26CFE8-7402-8841-920E-E4C0E6CC8400}"
	ProjectSection(ProjectDependencies) = postProject
		{B9F8BAE5-53C9-2F40-891B-C06D11C78495} = {B9F8BAE5-53C9-2F40-891B-C06D11C78495}
		{070D6CCE-4C74-8B4A-93AE-3D0BB8B77833} = {070D6CCE-4C74-8B4A-93AE-3D0BB8B77833}
		{EE392EFE-D6D9-2B49-A2D8-01C28ED31E41} = {EE392EFE-D6D9-2B49-A2D8-01C28ED31E41}
		{F03312F6-26EC-0B4C-8DDB-02DE15D513B6} = {F03312F6-26EC-0B4C-8DDB-02DE15D513B6}
	EndProjectSection
EndProject
Project("{8BC9CEB8-8B4A-11D0-8D11-00A0C91BC942}") = "App_RaytestDemo", "App_RaytestDemo.vcxproj", "{342BD41E-54D7-5440-A134-946E8BC076F3}"
	ProjectSection(ProjectDependencies) = postProject
		{B9F8BAE5-53C9-2F40-891B-C06D11C78495} = {B9F8BAE5-53C9-2F40-891B-C06D11C78495}
		{070D6CCE-4C74-8B4A-93AE-3D0BB8B77833} = {070D6CCE-4C74-8B4A-93AE-3D0BB8B77833}
		{EE392EFE-D6D9-2B49-A2D8-01C28ED31E41} = {EE392EFE-D6D9-2B49-A2D8-01C28ED31E41}
		{F03312F6-26EC-0B4C-8DDB-02DE15D513B6} = {F03312F6-26EC-0B4C-8DDB-02DE15D513B6}
	EndProjectSection
EndProject
Project("{8BC9CEB8-8B4A-11D0-8D11-00A0C91BC942}") = "App_RollingFrictionDemo", "App_RollingFrictionDemo.vcxproj", "{69247861-1C66-F240-8C72-9E4C17AD8A86}"
	ProjectSection(ProjectDependencies) = postProject
		{B9F8BAE5-53C9-2F40-891B-C06D11C78495} = {B9F8BAE5-53C9-2F40-891B-C06D11C78495}
		{070D6CCE-4C74-8B4A-93AE-3D0BB8B77833} = {070D6CCE-4C74-8B4A-93AE-3D0BB8B77833}
		{EE392EFE-D6D9-2B49-A2D8-01C28ED31E41} = {EE392EFE-D6D9-2B49-A2D8-01C28ED31E41}
		{F03312F6-26EC-0B4C-8DDB-02DE15D513B6} = {F03312F6-26EC-0B4C-8DDB-02DE15D513B6}
	EndProjectSection
EndProject
Project("{8BC9CEB8-8B4A-11D0-8D11-00A0C91BC942}") = "App_SimplexDemo", "App_SimplexDemo.vcxproj", "{2289294E-DAAA-044A-91D5-1065F6AB4D34}"
	ProjectSection(ProjectDependencies) = postProject
		{B9F8BAE5-53C9-2F40-891B-C06D11C78495} = {B9F8BAE5-53C9-2F40-891B-C06D11C78495}
		{070D6CCE-4C74-8B4A-93AE-3D0BB8B77833} = {070D6CCE-4C74-8B4A-93AE-3D0BB8B77833}
		{EE392EFE-D6D9-2B49-A2D8-01C28ED31E41} = {EE392EFE-D6D9-2B49-A2D8-01C28ED31E41}
		{F03312F6-26EC-0B4C-8DDB-02DE15D513B6} = {F03312F6-26EC-0B4C-8DDB-02DE15D513B6}
	EndProjectSection
EndProject
Project("{8BC9CEB8-8B4A-11D0-8D11-00A0C91BC942}") = "App_SliderConstraintDemo", "App_SliderConstraintDemo.vcxproj", "{EBA92535-DA39-7540-91BE-75C2726FBE2A}"
	ProjectSection(ProjectDependencies) = postProject
		{B9F8BAE5-53C9-2F40-891B-C06D11C78495} = {B9F8BAE5-53C9-2F40-891B-C06D11C78495}
		{070D6CCE-4C74-8B4A-93AE-3D0BB8B77833} = {070D6CCE-4C74-8B4A-93AE-3D0BB8B77833}
		{EE392EFE-D6D9-2B49-A2D8-01C28ED31E41} = {EE392EFE-D6D9-2B49-A2D8-01C28ED31E41}
		{F03312F6-26EC-0B4C-8DDB-02DE15D513B6} = {F03312F6-26EC-0B4C-8DDB-02DE15D513B6}
	EndProjectSection
EndProject
Project("{8BC9CEB8-8B4A-11D0-8D11-00A0C91BC942}") = "App_TerrainDemo", "App_TerrainDemo.vcxproj", "{4BEA7B6B-EC88-694C-802E-D482316A6C3B}"
	ProjectSection(ProjectDependencies) = postProject
		{B9F8BAE5-53C9-2F40-891B-C06D11C78495} = {B9F8BAE5-53C9-2F40-891B-C06D11C78495}
		{070D6CCE-4C74-8B4A-93AE-3D0BB8B77833} = {070D6CCE-4C74-8B4A-93AE-3D0BB8B77833}
		{EE392EFE-D6D9-2B49-A2D8-01C28ED31E41} = {EE392EFE-D6D9-2B49-A2D8-01C28ED31E41}
		{F03312F6-26EC-0B4C-8DDB-02DE15D513B6} = {F03312F6-26EC-0B4C-8DDB-02DE15D513B6}
	EndProjectSection
EndProject
Project("{8BC9CEB8-8B4A-11D0-8D11-00A0C91BC942}") = "App_UserCollisionAlgorithm", "App_UserCollisionAlgorithm.vcxproj", "{D850EFE1-A87E-D647-96B8-63A0BED89140}"
	ProjectSection(ProjectDependencies) = postProject
		{B9F8BAE5-53C9-2F40-891B-C06D11C78495} = {B9F8BAE5-53C9-2F40-891B-C06D11C78495}
		{070D6CCE-4C74-8B4A-93AE-3D0BB8B77833} = {070D6CCE-4C74-8B4A-93AE-3D0BB8B77833}
		{EE392EFE-D6D9-2B49-A2D8-01C28ED31E41} = {EE392EFE-D6D9-2B49-A2D8-01C28ED31E41}
		{F03312F6-26EC-0B4C-8DDB-02DE15D513B6} = {F03312F6-26EC-0B4C-8DDB-02DE15D513B6}
	EndProjectSection
EndProject
Project("{8BC9CEB8-8B4A-11D0-8D11-00A0C91BC942}") = "App_VehicleDemo", "App_VehicleDemo.vcxproj", "{D263B8E1-BFD4-384F-AA58-85B34D00F2F7}"
	ProjectSection(ProjectDependencies) = postProject
		{B9F8BAE5-53C9-2F40-891B-C06D11C78495} = {B9F8BAE5-53C9-2F40-891B-C06D11C78495}
		{070D6CCE-4C74-8B4A-93AE-3D0BB8B77833} = {070D6CCE-4C74-8B4A-93AE-3D0BB8B77833}
		{EE392EFE-D6D9-2B49-A2D8-01C28ED31E41} = {EE392EFE-D6D9-2B49-A2D8-01C28ED31E41}
		{F03312F6-26EC-0B4C-8DDB-02DE15D513B6} = {F03312F6-26EC-0B4C-8DDB-02DE15D513B6}
	EndProjectSection
EndProject
Project("{8BC9CEB8-8B4A-11D0-8D11-00A0C91BC942}") = "App_VoronoiFractureDemo", "App_VoronoiFractureDemo.vcxproj", "{B4BD690E-0615-BF4C-A6F0-BA482922572A}"
	ProjectSection(ProjectDependencies) = postProject
		{B9F8BAE5-53C9-2F40-891B-C06D11C78495} = {B9F8BAE5-53C9-2F40-891B-C06D11C78495}
		{070D6CCE-4C74-8B4A-93AE-3D0BB8B77833} = {070D6CCE-4C74-8B4A-93AE-3D0BB8B77833}
		{EE392EFE-D6D9-2B49-A2D8-01C28ED31E41} = {EE392EFE-D6D9-2B49-A2D8-01C28ED31E41}
		{F03312F6-26EC-0B4C-8DDB-02DE15D513B6} = {F03312F6-26EC-0B4C-8DDB-02DE15D513B6}
	EndProjectSection
EndProject
Project("{8BC9CEB8-8B4A-11D0-8D11-00A0C91BC942}") = "App_ConvexDecompositionDemo", "App_ConvexDecompositionDemo.vcxproj", "{7344DE19-517E-9744-923C-40DC8FDE2AF5}"
	ProjectSection(ProjectDependencies) = postProject
		{B9F8BAE5-53C9-2F40-891B-C06D11C78495} = {B9F8BAE5-53C9-2F40-891B-C06D11C78495}
		{070D6CCE-4C74-8B4A-93AE-3D0BB8B77833} = {070D6CCE-4C74-8B4A-93AE-3D0BB8B77833}
		{EE392EFE-D6D9-2B49-A2D8-01C28ED31E41} = {EE392EFE-D6D9-2B49-A2D8-01C28ED31E41}
		{F03312F6-26EC-0B4C-8DDB-02DE15D513B6} = {F03312F6-26EC-0B4C-8DDB-02DE15D513B6}
		{C8971061-2CA6-7546-8412-1B751ACB9B12} = {C8971061-2CA6-7546-8412-1B751ACB9B12}
		{CC0DEAF7-AA6B-5946-9897-29DD45B236AB} = {CC0DEAF7-AA6B-5946-9897-29DD45B236AB}
	EndProjectSection
EndProject
Project("{8BC9CEB8-8B4A-11D0-8D11-00A0C91BC942}") = "App_SoftDemo", "App_SoftDemo.vcxproj", "{EDD3E05A-7D23-3D49-B4A2-CFFEA944A65B}"
	ProjectSection(ProjectDependencies) = postProject
		{B9F8BAE5-53C9-2F40-891B-C06D11C78495} = {B9F8BAE5-53C9-2F40-891B-C06D11C78495}
		{47A36594-F381-DD42-A056-071C564944DF} = {47A36594-F381-DD42-A056-071C564944DF}
		{070D6CCE-4C74-8B4A-93AE-3D0BB8B77833} = {070D6CCE-4C74-8B4A-93AE-3D0BB8B77833}
		{EE392EFE-D6D9-2B49-A2D8-01C28ED31E41} = {EE392EFE-D6D9-2B49-A2D8-01C28ED31E41}
		{F03312F6-26EC-0B4C-8DDB-02DE15D513B6} = {F03312F6-26EC-0B4C-8DDB-02DE15D513B6}
	EndProjectSection
EndProject
Project("{8BC9CEB8-8B4A-11D0-8D11-00A0C91BC942}") = "App_SerializeDemo", "App_SerializeDemo.vcxproj", "{6844C22D-C987-4B46-962A-A228F89441B2}"
	ProjectSection(ProjectDependencies) = postProject
		{B9F8BAE5-53C9-2F40-891B-C06D11C78495} = {B9F8BAE5-53C9-2F40-891B-C06D11C78495}
		{6F13CDB1-6F54-2344-992E-22015DACA09C} = {6F13CDB1-6F54-2344-992E-22015DACA09C}
		{E32651A2-9799-3840-A45F-3AAE1AD13290} = {E32651A2-9799-3840-A45F-3AAE1AD13290}
		{47A36594-F381-DD42-A056-071C564944DF} = {47A36594-F381-DD42-A056-071C564944DF}
		{070D6CCE-4C74-8B4A-93AE-3D0BB8B77833} = {070D6CCE-4C74-8B4A-93AE-3D0BB8B77833}
		{EE392EFE-D6D9-2B49-A2D8-01C28ED31E41} = {EE392EFE-D6D9-2B49-A2D8-01C28ED31E41}
		{F03312F6-26EC-0B4C-8DDB-02DE15D513B6} = {F03312F6-26EC-0B4C-8DDB-02DE15D513B6}
	EndProjectSection
EndProject
Project("{8BC9CEB8-8B4A-11D0-8D11-00A0C91BC942}") = "App_BulletXmlImportDemo", "App_BulletXmlImportDemo.vcxproj", "{94E1DBAB-2DA7-7C4F-B8E4-9D6FD446C56C}"
	ProjectSection(ProjectDependencies) = postProject
		{B9F8BAE5-53C9-2F40-891B-C06D11C78495} = {B9F8BAE5-53C9-2F40-891B-C06D11C78495}
		{1AA09089-5433-294A-9FB2-7F1FAC139D6A} = {1AA09089-5433-294A-9FB2-7F1FAC139D6A}
		{6F13CDB1-6F54-2344-992E-22015DACA09C} = {6F13CDB1-6F54-2344-992E-22015DACA09C}
		{E32651A2-9799-3840-A45F-3AAE1AD13290} = {E32651A2-9799-3840-A45F-3AAE1AD13290}
		{47A36594-F381-DD42-A056-071C564944DF} = {47A36594-F381-DD42-A056-071C564944DF}
		{070D6CCE-4C74-8B4A-93AE-3D0BB8B77833} = {070D6CCE-4C74-8B4A-93AE-3D0BB8B77833}
		{EE392EFE-D6D9-2B49-A2D8-01C28ED31E41} = {EE392EFE-D6D9-2B49-A2D8-01C28ED31E41}
		{F03312F6-26EC-0B4C-8DDB-02DE15D513B6} = {F03312F6-26EC-0B4C-8DDB-02DE15D513B6}
	EndProjectSection
EndProject
Project("{8BC9CEB8-8B4A-11D0-8D11-00A0C91BC942}") = "OpenGLSupport", "OpenGLSupport.vcxproj", "{B9F8BAE5-53C9-2F40-891B-C06D11C78495}"
EndProject
Project("{8BC9CEB8-8B4A-11D0-8D11-00A0C91BC942}") = "HACD", "HACD.vcxproj", "{C8971061-2CA6-7546-8412-1B751ACB9B12}"
EndProject
Project("{8BC9CEB8-8B4A-11D0-8D11-00A0C91BC942}") = "ConvexDecomposition", "ConvexDecomposition.vcxproj", "{CC0DEAF7-AA6B-5946-9897-29DD45B236AB}"
EndProject
Project("{8BC9CEB8-8B4A-11D0-8D11-00A0C91BC942}") = "BulletFileLoader", "BulletFileLoader.vcxproj", "{E32651A2-9799-3840-A45F-3AAE1AD13290}"
EndProject
Project("{8BC9CEB8-8B4A-11D0-8D11-00A0C91BC942}") = "BulletWorldImporter", "BulletWorldImporter.vcxproj", "{6F13CDB1-6F54-2344-992E-22015DACA09C}"
EndProject
Project("{8BC9CEB8-8B4A-11D0-8D11-00A0C91BC942}") = "BulletXmlWorldImporter", "BulletXmlWorldImporter.vcxproj", "{1AA09089-5433-294A-9FB2-7F1FAC139D6A}"
EndProject
Global
	GlobalSection(SolutionConfigurationPlatforms) = preSolution
		Release|Win32 = Release|Win32
		Release|x64 = Release|x64
		Debug|Win32 = Debug|Win32
		Debug|x64 = Debug|x64
	EndGlobalSection
	GlobalSection(ProjectConfigurationPlatforms) = postSolution
		{69C187BC-424B-D543-AEEF-06138682302F}.Release|Win32.ActiveCfg = Release|Win32
		{69C187BC-424B-D543-AEEF-06138682302F}.Release|Win32.Build.0 = Release|Win32
		{69C187BC-424B-D543-AEEF-06138682302F}.Release|x64.ActiveCfg = Release|x64
		{69C187BC-424B-D543-AEEF-06138682302F}.Release|x64.Build.0 = Release|x64
		{69C187BC-424B-D543-AEEF-06138682302F}.Debug|Win32.ActiveCfg = Debug|Win32
		{69C187BC-424B-D543-AEEF-06138682302F}.Debug|Win32.Build.0 = Debug|Win32
		{69C187BC-424B-D543-AEEF-06138682302F}.Debug|x64.ActiveCfg = Debug|x64
		{69C187BC-424B-D543-AEEF-06138682302F}.Debug|x64.Build.0 = Debug|x64
		{BD4D2CFE-862F-4D42-97ED-0D7E726204B3}.Release|Win32.ActiveCfg = Release|Win32
		{BD4D2CFE-862F-4D42-97ED-0D7E726204B3}.Release|Win32.Build.0 = Release|Win32
		{BD4D2CFE-862F-4D42-97ED-0D7E726204B3}.Release|x64.ActiveCfg = Release|x64
		{BD4D2CFE-862F-4D42-97ED-0D7E726204B3}.Release|x64.Build.0 = Release|x64
		{BD4D2CFE-862F-4D42-97ED-0D7E726204B3}.Debug|Win32.ActiveCfg = Debug|Win32
		{BD4D2CFE-862F-4D42-97ED-0D7E726204B3}.Debug|Win32.Build.0 = Debug|Win32
		{BD4D2CFE-862F-4D42-97ED-0D7E726204B3}.Debug|x64.ActiveCfg = Debug|x64
		{BD4D2CFE-862F-4D42-97ED-0D7E726204B3}.Debug|x64.Build.0 = Debug|x64
		{8F941238-731C-9149-80D5-41E7CB3057A8}.Release|Win32.ActiveCfg = Release|Win32
		{8F941238-731C-9149-80D5-41E7CB3057A8}.Release|Win32.Build.0 = Release|Win32
		{8F941238-731C-9149-80D5-41E7CB3057A8}.Release|x64.ActiveCfg = Release|x64
		{8F941238-731C-9149-80D5-41E7CB3057A8}.Release|x64.Build.0 = Release|x64
		{8F941238-731C-9149-80D5-41E7CB3057A8}.Debug|Win32.ActiveCfg = Debug|Win32
		{8F941238-731C-9149-80D5-41E7CB3057A8}.Debug|Win32.Build.0 = Debug|Win32
		{8F941238-731C-9149-80D5-41E7CB3057A8}.Debug|x64.ActiveCfg = Debug|x64
		{8F941238-731C-9149-80D5-41E7CB3057A8}.Debug|x64.Build.0 = Debug|x64
		{3945BE95-8DFE-6544-A1A9-B8F9792EB4AF}.Release|Win32.ActiveCfg = Release|Win32
		{3945BE95-8DFE-6544-A1A9-B8F9792EB4AF}.Release|Win32.Build.0 = Release|Win32
		{3945BE95-8DFE-6544-A1A9-B8F9792EB4AF}.Release|x64.ActiveCfg = Release|x64
		{3945BE95-8DFE-6544-A1A9-B8F9792EB4AF}.Release|x64.Build.0 = Release|x64
		{3945BE95-8DFE-6544-A1A9-B8F9792EB4AF}.Debug|Win32.ActiveCfg = Debug|Win32
		{3945BE95-8DFE-6544-A1A9-B8F9792EB4AF}.Debug|Win32.Build.0 = Debug|Win32
		{3945BE95-8DFE-6544-A1A9-B8F9792EB4AF}.Debug|x64.ActiveCfg = Debug|x64
		{3945BE95-8DFE-6544-A1A9-B8F9792EB4AF}.Debug|x64.Build.0 = Debug|x64
		{702C0686-BF92-0243-92CD-9DB7F7302D83}.Release|Win32.ActiveCfg = Release|Win32
		{702C0686-BF92-0243-92CD-9DB7F7302D83}.Release|Win32.Build.0 = Release|Win32
		{702C0686-BF92-0243-92CD-9DB7F7302D83}.Release|x64.ActiveCfg = Release|x64
		{702C0686-BF92-0243-92CD-9DB7F7302D83}.Release|x64.Build.0 = Release|x64
		{702C0686-BF92-0243-92CD-9DB7F7302D83}.Debug|Win32.ActiveCfg = Debug|Win32
		{702C0686-BF92-0243-92CD-9DB7F7302D83}.Debug|Win32.Build.0 = Debug|Win32
		{702C0686-BF92-0243-92CD-9DB7F7302D83}.Debug|x64.ActiveCfg = Debug|x64
		{702C0686-BF92-0243-92CD-9DB7F7302D83}.Debug|x64.Build.0 = Debug|x64
		{4657432B-738C-B645-B949-02B9062BC2BF}.Release|Win32.ActiveCfg = Release|Win32
		{4657432B-738C-B645-B949-02B9062BC2BF}.Release|Win32.Build.0 = Release|Win32
		{4657432B-738C-B645-B949-02B9062BC2BF}.Release|x64.ActiveCfg = Release|x64
		{4657432B-738C-B645-B949-02B9062BC2BF}.Release|x64.Build.0 = Release|x64
		{4657432B-738C-B645-B949-02B9062BC2BF}.Debug|Win32.ActiveCfg = Debug|Win32
		{4657432B-738C-B645-B949-02B9062BC2BF}.Debug|Win32.Build.0 = Debug|Win32
		{4657432B-738C-B645-B949-02B9062BC2BF}.Debug|x64.ActiveCfg = Debug|x64
		{4657432B-738C-B645-B949-02B9062BC2BF}.Debug|x64.Build.0 = Debug|x64
		{4B6B3DFD-4FDC-444E-A8FC-D2DB12A314C8}.Release|Win32.ActiveCfg = Release|Win32
		{4B6B3DFD-4FDC-444E-A8FC-D2DB12A314C8}.Release|Win32.Build.0 = Release|Win32
		{4B6B3DFD-4FDC-444E-A8FC-D2DB12A314C8}.Release|x64.ActiveCfg = Release|x64
		{4B6B3DFD-4FDC-444E-A8FC-D2DB12A314C8}.Release|x64.Build.0 = Release|x64
		{4B6B3DFD-4FDC-444E-A8FC-D2DB12A314C8}.Debug|Win32.ActiveCfg = Debug|Win32
		{4B6B3DFD-4FDC-444E-A8FC-D2DB12A314C8}.Debug|Win32.Build.0 = Debug|Win32
		{4B6B3DFD-4FDC-444E-A8FC-D2DB12A314C8}.Debug|x64.ActiveCfg = Debug|x64
		{4B6B3DFD-4FDC-444E-A8FC-D2DB12A314C8}.Debug|x64.Build.0 = Debug|x64
		{9153D97A-F1DD-C743-A173-C4C0DC175C5E}.Release|Win32.ActiveCfg = Release|Win32
		{9153D97A-F1DD-C743-A173-C4C0DC175C5E}.Release|Win32.Build.0 = Release|Win32
		{9153D97A-F1DD-C743-A173-C4C0DC175C5E}.Release|x64.ActiveCfg = Release|x64
		{9153D97A-F1DD-C743-A173-C4C0DC175C5E}.Release|x64.Build.0 = Release|x64
		{9153D97A-F1DD-C743-A173-C4C0DC175C5E}.Debug|Win32.ActiveCfg = Debug|Win32
		{9153D97A-F1DD-C743-A173-C4C0DC175C5E}.Debug|Win32.Build.0 = Debug|Win32
		{9153D97A-F1DD-C743-A173-C4C0DC175C5E}.Debug|x64.ActiveCfg = Debug|x64
		{9153D97A-F1DD-C743-A173-C4C0DC175C5E}.Debug|x64.Build.0 = Debug|x64
		{313F5EB4-A767-D446-A271-78359A802A89}.Release|Win32.ActiveCfg = Release|Win32
		{313F5EB4-A767-D446-A271-78359A802A89}.Release|Win32.Build.0 = Release|Win32
		{313F5EB4-A767-D446-A271-78359A802A89}.Release|x64.ActiveCfg = Release|x64
		{313F5EB4-A767-D446-A271-78359A802A89}.Release|x64.Build.0 = Release|x64
		{313F5EB4-A767-D446-A271-78359A802A89}.Debug|Win32.ActiveCfg = Debug|Win32
		{313F5EB4-A767-D446-A271-78359A802A89}.Debug|Win32.Build.0 = Debug|Win32
		{313F5EB4-A767-D446-A271-78359A802A89}.Debug|x64.ActiveCfg = Debug|x64
		{313F5EB4-A767-D446-A271-78359A802A89}.Debug|x64.Build.0 = Debug|x64
		{6BD32C18-4947-D045-B476-977F25CFE72B}.Release|Win32.ActiveCfg = Release|Win32
		{6BD32C18-4947-D045-B476-977F25CFE72B}.Release|Win32.Build.0 = Release|Win32
		{6BD32C18-4947-D045-B476-977F25CFE72B}.Release|x64.ActiveCfg = Release|x64
		{6BD32C18-4947-D045-B476-977F25CFE72B}.Release|x64.Build.0 = Release|x64
		{6BD32C18-4947-D045-B476-977F25CFE72B}.Debug|Win32.ActiveCfg = Debug|Win32
		{6BD32C18-4947-D045-B476-977F25CFE72B}.Debug|Win32.Build.0 = Debug|Win32
		{6BD32C18-4947-D045-B476-977F25CFE72B}.Debug|x64.ActiveCfg = Debug|x64
		{6BD32C18-4947-D045-B476-977F25CFE72B}.Debug|x64.Build.0 = Debug|x64
		{2DFD01D2-9D48-4A44-8A05-74607D9811E9}.Release|Win32.ActiveCfg = Release|Win32
		{2DFD01D2-9D48-4A44-8A05-74607D9811E9}.Release|Win32.Build.0 = Release|Win32
		{2DFD01D2-9D48-4A44-8A05-74607D9811E9}.Release|x64.ActiveCfg = Release|x64
		{2DFD01D2-9D48-4A44-8A05-74607D9811E9}.Release|x64.Build.0 = Release|x64
		{2DFD01D2-9D48-4A44-8A05-74607D9811E9}.Debug|Win32.ActiveCfg = Debug|Win32
		{2DFD01D2-9D48-4A44-8A05-74607D9811E9}.Debug|Win32.Build.0 = Debug|Win32
		{2DFD01D2-9D48-4A44-8A05-74607D9811E9}.Debug|x64.ActiveCfg = Debug|x64
		{2DFD01D2-9D48-4A44-8A05-74607D9811E9}.Debug|x64.Build.0 = Debug|x64
		{D0B0975E-5477-DC49-8FCD-A4DF29922C85}.Release|Win32.ActiveCfg = Release|Win32
		{D0B0975E-5477-DC49-8FCD-A4DF29922C85}.Release|Win32.Build.0 = Release|Win32
		{D0B0975E-5477-DC49-8FCD-A4DF29922C85}.Release|x64.ActiveCfg = Release|x64
		{D0B0975E-5477-DC49-8FCD-A4DF29922C85}.Release|x64.Build.0 = Release|x64
		{D0B0975E-5477-DC49-8FCD-A4DF29922C85}.Debug|Win32.ActiveCfg = Debug|Win32
		{D0B0975E-5477-DC49-8FCD-A4DF29922C85}.Debug|Win32.Build.0 = Debug|Win32
		{D0B0975E-5477-DC49-8FCD-A4DF29922C85}.Debug|x64.ActiveCfg = Debug|x64
		{D0B0975E-5477-DC49-8FCD-A4DF29922C85}.Debug|x64.Build.0 = Debug|x64
		{47A36594-F381-DD42-A056-071C564944DF}.Release|Win32.ActiveCfg = Release|Win32
		{47A36594-F381-DD42-A056-071C564944DF}.Release|Win32.Build.0 = Release|Win32
		{47A36594-F381-DD42-A056-071C564944DF}.Release|x64.ActiveCfg = Release|x64
		{47A36594-F381-DD42-A056-071C564944DF}.Release|x64.Build.0 = Release|x64
		{47A36594-F381-DD42-A056-071C564944DF}.Debug|Win32.ActiveCfg = Debug|Win32
		{47A36594-F381-DD42-A056-071C564944DF}.Debug|Win32.Build.0 = Debug|Win32
		{47A36594-F381-DD42-A056-071C564944DF}.Debug|x64.ActiveCfg = Debug|x64
		{47A36594-F381-DD42-A056-071C564944DF}.Debug|x64.Build.0 = Debug|x64
		{070D6CCE-4C74-8B4A-93AE-3D0BB8B77833}.Release|Win32.ActiveCfg = Release|Win32
		{070D6CCE-4C74-8B4A-93AE-3D0BB8B77833}.Release|Win32.Build.0 = Release|Win32
		{070D6CCE-4C74-8B4A-93AE-3D0BB8B77833}.Release|x64.ActiveCfg = Release|x64
		{070D6CCE-4C74-8B4A-93AE-3D0BB8B77833}.Release|x64.Build.0 = Release|x64
		{070D6CCE-4C74-8B4A-93AE-3D0BB8B77833}.Debug|Win32.ActiveCfg = Debug|Win32
		{070D6CCE-4C74-8B4A-93AE-3D0BB8B77833}.Debug|Win32.Build.0 = Debug|Win32
		{070D6CCE-4C74-8B4A-93AE-3D0BB8B77833}.Debug|x64.ActiveCfg = Debug|x64
		{070D6CCE-4C74-8B4A-93AE-3D0BB8B77833}.Debug|x64.Build.0 = Debug|x64
		{EE392EFE-D6D9-2B49-A2D8-01C28ED31E41}.Release|Win32.ActiveCfg = Release|Win32
		{EE392EFE-D6D9-2B49-A2D8-01C28ED31E41}.Release|Win32.Build.0 = Release|Win32
		{EE392EFE-D6D9-2B49-A2D8-01C28ED31E41}.Release|x64.ActiveCfg = Release|x64
		{EE392EFE-D6D9-2B49-A2D8-01C28ED31E41}.Release|x64.Build.0 = Release|x64
		{EE392EFE-D6D9-2B49-A2D8-01C28ED31E41}.Debug|Win32.ActiveCfg = Debug|Win32
		{EE392EFE-D6D9-2B49-A2D8-01C28ED31E41}.Debug|Win32.Build.0 = Debug|Win32
		{EE392EFE-D6D9-2B49-A2D8-01C28ED31E41}.Debug|x64.ActiveCfg = Debug|x64
		{EE392EFE-D6D9-2B49-A2D8-01C28ED31E41}.Debug|x64.Build.0 = Debug|x64
		{F03312F6-26EC-0B4C-8DDB-02DE15D513B6}.Release|Win32.ActiveCfg = Release|Win32
		{F03312F6-26EC-0B4C-8DDB-02DE15D513B6}.Release|Win32.Build.0 = Release|Win32
		{F03312F6-26EC-0B4C-8DDB-02DE15D513B6}.Release|x64.ActiveCfg = Release|x64
		{F03312F6-26EC-0B4C-8DDB-02DE15D513B6}.Release|x64.Build.0 = Release|x64
		{F03312F6-26EC-0B4C-8DDB-02DE15D513B6}.Debug|Win32.ActiveCfg = Debug|Win32
		{F03312F6-26EC-0B4C-8DDB-02DE15D513B6}.Debug|Win32.Build.0 = Debug|Win32
		{F03312F6-26EC-0B4C-8DDB-02DE15D513B6}.Debug|x64.ActiveCfg = Debug|x64
		{F03312F6-26EC-0B4C-8DDB-02DE15D513B6}.Debug|x64.Build.0 = Debug|x64
		{7BC20B6F-0E18-FB47-ACED-31620BFB9F86}.Release|Win32.ActiveCfg = Release|Win32
		{7BC20B6F-0E18-FB47-ACED-31620BFB9F86}.Release|Win32.Build.0 = Release|Win32
		{7BC20B6F-0E18-FB47-ACED-31620BFB9F86}.Release|x64.ActiveCfg = Release|x64
		{7BC20B6F-0E18-FB47-ACED-31620BFB9F86}.Release|x64.Build.0 = Release|x64
		{7BC20B6F-0E18-FB47-ACED-31620BFB9F86}.Debug|Win32.ActiveCfg = Debug|Win32
		{7BC20B6F-0E18-FB47-ACED-31620BFB9F86}.Debug|Win32.Build.0 = Debug|Win32
		{7BC20B6F-0E18-FB47-ACED-31620BFB9F86}.Debug|x64.ActiveCfg = Debug|x64
		{7BC20B6F-0E18-FB47-ACED-31620BFB9F86}.Debug|x64.Build.0 = Debug|x64
		{3A1B26EF-2B7C-7144-9CCF-A4402EB9F936}.Release|Win32.ActiveCfg = Release|Win32
		{3A1B26EF-2B7C-7144-9CCF-A4402EB9F936}.Release|Win32.Build.0 = Release|Win32
		{3A1B26EF-2B7C-7144-9CCF-A4402EB9F936}.Release|x64.ActiveCfg = Release|x64
		{3A1B26EF-2B7C-7144-9CCF-A4402EB9F936}.Release|x64.Build.0 = Release|x64
		{3A1B26EF-2B7C-7144-9CCF-A4402EB9F936}.Debug|Win32.ActiveCfg = Debug|Win32
		{3A1B26EF-2B7C-7144-9CCF-A4402EB9F936}.Debug|Win32.Build.0 = Debug|Win32
		{3A1B26EF-2B7C-7144-9CCF-A4402EB9F936}.Debug|x64.ActiveCfg = Debug|x64
		{3A1B26EF-2B7C-7144-9CCF-A4402EB9F936}.Debug|x64.Build.0 = Debug|x64
		{5A4CA890-B974-634F-80D8-EBBFBA5FE8E2}.Release|Win32.ActiveCfg = Release|Win32
		{5A4CA890-B974-634F-80D8-EBBFBA5FE8E2}.Release|Win32.Build.0 = Release|Win32
		{5A4CA890-B974-634F-80D8-EBBFBA5FE8E2}.Release|x64.ActiveCfg = Release|x64
		{5A4CA890-B974-634F-80D8-EBBFBA5FE8E2}.Release|x64.Build.0 = Release|x64
		{5A4CA890-B974-634F-80D8-EBBFBA5FE8E2}.Debug|Win32.ActiveCfg = Debug|Win32
		{5A4CA890-B974-634F-80D8-EBBFBA5FE8E2}.Debug|Win32.Build.0 = Debug|Win32
		{5A4CA890-B974-634F-80D8-EBBFBA5FE8E2}.Debug|x64.ActiveCfg = Debug|x64
		{5A4CA890-B974-634F-80D8-EBBFBA5FE8E2}.Debug|x64.Build.0 = Debug|x64
		{429DE134-248D-1247-B791-F173DCA662C6}.Release|Win32.ActiveCfg = Release|Win32
		{429DE134-248D-1247-B791-F173DCA662C6}.Release|Win32.Build.0 = Release|Win32
		{429DE134-248D-1247-B791-F173DCA662C6}.Release|x64.ActiveCfg = Release|x64
		{429DE134-248D-1247-B791-F173DCA662C6}.Release|x64.Build.0 = Release|x64
		{429DE134-248D-1247-B791-F173DCA662C6}.Debug|Win32.ActiveCfg = Debug|Win32
		{429DE134-248D-1247-B791-F173DCA662C6}.Debug|Win32.Build.0 = Debug|Win32
		{429DE134-248D-1247-B791-F173DCA662C6}.Debug|x64.ActiveCfg = Debug|x64
		{429DE134-248D-1247-B791-F173DCA662C6}.Debug|x64.Build.0 = Debug|x64
		{73A78E9F-7379-C94F-B111-6017A0413923}.Release|Win32.ActiveCfg = Release|Win32
		{73A78E9F-7379-C94F-B111-6017A0413923}.Release|Win32.Build.0 = Release|Win32
		{73A78E9F-7379-C94F-B111-6017A0413923}.Release|x64.ActiveCfg = Release|x64
		{73A78E9F-7379-C94F-B111-6017A0413923}.Release|x64.Build.0 = Release|x64
		{73A78E9F-7379-C94F-B111-6017A0413923}.Debug|Win32.ActiveCfg = Debug|Win32
		{73A78E9F-7379-C94F-B111-6017A0413923}.Debug|Win32.Build.0 = Debug|Win32
		{73A78E9F-7379-C94F-B111-6017A0413923}.Debug|x64.ActiveCfg = Debug|x64
		{73A78E9F-7379-C94F-B111-6017A0413923}.Debug|x64.Build.0 = Debug|x64
		{04E3430A-00E7-1547-A291-BF247678BE9C}.Release|Win32.ActiveCfg = Release|Win32
		{04E3430A-00E7-1547-A291-BF247678BE9C}.Release|Win32.Build.0 = Release|Win32
		{04E3430A-00E7-1547-A291-BF247678BE9C}.Release|x64.ActiveCfg = Release|x64
		{04E3430A-00E7-1547-A291-BF247678BE9C}.Release|x64.Build.0 = Release|x64
		{04E3430A-00E7-1547-A291-BF247678BE9C}.Debug|Win32.ActiveCfg = Debug|Win32
		{04E3430A-00E7-1547-A291-BF247678BE9C}.Debug|Win32.Build.0 = Debug|Win32
		{04E3430A-00E7-1547-A291-BF247678BE9C}.Debug|x64.ActiveCfg = Debug|x64
		{04E3430A-00E7-1547-A291-BF247678BE9C}.Debug|x64.Build.0 = Debug|x64
		{EDF4E81B-ADC4-1746-BA7E-20DF4C6C496C}.Release|Win32.ActiveCfg = Release|Win32
		{EDF4E81B-ADC4-1746-BA7E-20DF4C6C496C}.Release|Win32.Build.0 = Release|Win32
		{EDF4E81B-ADC4-1746-BA7E-20DF4C6C496C}.Release|x64.ActiveCfg = Release|x64
		{EDF4E81B-ADC4-1746-BA7E-20DF4C6C496C}.Release|x64.Build.0 = Release|x64
		{EDF4E81B-ADC4-1746-BA7E-20DF4C6C496C}.Debug|Win32.ActiveCfg = Debug|Win32
		{EDF4E81B-ADC4-1746-BA7E-20DF4C6C496C}.Debug|Win32.Build.0 = Debug|Win32
		{EDF4E81B-ADC4-1746-BA7E-20DF4C6C496C}.Debug|x64.ActiveCfg = Debug|x64
		{EDF4E81B-ADC4-1746-BA7E-20DF4C6C496C}.Debug|x64.Build.0 = Debug|x64
		{18940BC2-6A6F-5049-BB77-C57665C5EA61}.Release|Win32.ActiveCfg = Release|Win32
		{18940BC2-6A6F-5049-BB77-C57665C5EA61}.Release|Win32.Build.0 = Release|Win32
		{18940BC2-6A6F-5049-BB77-C57665C5EA61}.Release|x64.ActiveCfg = Release|x64
		{18940BC2-6A6F-5049-BB77-C57665C5EA61}.Release|x64.Build.0 = Release|x64
		{18940BC2-6A6F-5049-BB77-C57665C5EA61}.Debug|Win32.ActiveCfg = Debug|Win32
		{18940BC2-6A6F-5049-BB77-C57665C5EA61}.Debug|Win32.Build.0 = Debug|Win32
		{18940BC2-6A6F-5049-BB77-C57665C5EA61}.Debug|x64.ActiveCfg = Debug|x64
		{18940BC2-6A6F-5049-BB77-C57665C5EA61}.Debug|x64.Build.0 = Debug|x64
		{01AD6F99-00AA-A94D-AB53-EE08091BC1B7}.Release|Win32.ActiveCfg = Release|Win32
		{01AD6F99-00AA-A94D-AB53-EE08091BC1B7}.Release|Win32.Build.0 = Release|Win32
		{01AD6F99-00AA-A94D-AB53-EE08091BC1B7}.Release|x64.ActiveCfg = Release|x64
		{01AD6F99-00AA-A94D-AB53-EE08091BC1B7}.Release|x64.Build.0 = Release|x64
		{01AD6F99-00AA-A94D-AB53-EE08091BC1B7}.Debug|Win32.ActiveCfg = Debug|Win32
		{01AD6F99-00AA-A94D-AB53-EE08091BC1B7}.Debug|Win32.Build.0 = Debug|Win32
		{01AD6F99-00AA-A94D-AB53-EE08091BC1B7}.Debug|x64.ActiveCfg = Debug|x64
		{01AD6F99-00AA-A94D-AB53-EE08091BC1B7}.Debug|x64.Build.0 = Debug|x64
		{6E83BBBC-8DE4-5040-8F22-6D74EBBBA44B}.Release|Win32.ActiveCfg = Release|Win32
		{6E83BBBC-8DE4-5040-8F22-6D74EBBBA44B}.Release|Win32.Build.0 = Release|Win32
		{6E83BBBC-8DE4-5040-8F22-6D74EBBBA44B}.Release|x64.ActiveCfg = Release|x64
		{6E83BBBC-8DE4-5040-8F22-6D74EBBBA44B}.Release|x64.Build.0 = Release|x64
		{6E83BBBC-8DE4-5040-8F22-6D74EBBBA44B}.Debug|Win32.ActiveCfg = Debug|Win32
		{6E83BBBC-8DE4-5040-8F22-6D74EBBBA44B}.Debug|Win32.Build.0 = Debug|Win32
		{6E83BBBC-8DE4-5040-8F22-6D74EBBBA44B}.Debug|x64.ActiveCfg = Debug|x64
		{6E83BBBC-8DE4-5040-8F22-6D74EBBBA44B}.Debug|x64.Build.0 = Debug|x64
		{EF86773C-D909-7045-ACA0-5D76178FC99F}.Release|Win32.ActiveCfg = Release|Win32
		{EF86773C-D909-7045-ACA0-5D76178FC99F}.Release|Win32.Build.0 = Release|Win32
		{EF86773C-D909-7045-ACA0-5D76178FC99F}.Release|x64.ActiveCfg = Release|x64
		{EF86773C-D909-7045-ACA0-5D76178FC99F}.Release|x64.Build.0 = Release|x64
		{EF86773C-D909-7045-ACA0-5D76178FC99F}.Debug|Win32.ActiveCfg = Debug|Win32
		{EF86773C-D909-7045-ACA0-5D76178FC99F}.Debug|Win32.Build.0 = Debug|Win32
		{EF86773C-D909-7045-ACA0-5D76178FC99F}.Debug|x64.ActiveCfg = Debug|x64
		{EF86773C-D909-7045-ACA0-5D76178FC99F}.Debug|x64.Build.0 = Debug|x64
		{01E3961B-2A62-644F-B911-2DA1CF0390C1}.Release|Win32.ActiveCfg = Release|Win32
		{01E3961B-2A62-644F-B911-2DA1CF0390C1}.Release|Win32.Build.0 = Release|Win32
		{01E3961B-2A62-644F-B911-2DA1CF0390C1}.Release|x64.ActiveCfg = Release|x64
		{01E3961B-2A62-644F-B911-2DA1CF0390C1}.Release|x64.Build.0 = Release|x64
		{01E3961B-2A62-644F-B911-2DA1CF0390C1}.Debug|Win32.ActiveCfg = Debug|Win32
		{01E3961B-2A62-644F-B911-2DA1CF0390C1}.Debug|Win32.Build.0 = Debug|Win32
		{01E3961B-2A62-644F-B911-2DA1CF0390C1}.Debug|x64.ActiveCfg = Debug|x64
		{01E3961B-2A62-644F-B911-2DA1CF0390C1}.Debug|x64.Build.0 = Debug|x64
		{82B69986-C7EF-B14A-B8D0-3315201C9DD4}.Release|Win32.ActiveCfg = Release|Win32
		{82B69986-C7EF-B14A-B8D0-3315201C9DD4}.Release|Win32.Build.0 = Release|Win32
		{82B69986-C7EF-B14A-B8D0-3315201C9DD4}.Release|x64.ActiveCfg = Release|x64
		{82B69986-C7EF-B14A-B8D0-3315201C9DD4}.Release|x64.Build.0 = Release|x64
		{82B69986-C7EF-B14A-B8D0-3315201C9DD4}.Debug|Win32.ActiveCfg = Debug|Win32
		{82B69986-C7EF-B14A-B8D0-3315201C9DD4}.Debug|Win32.Build.0 = Debug|Win32
		{82B69986-C7EF-B14A-B8D0-3315201C9DD4}.Debug|x64.ActiveCfg = Debug|x64
		{82B69986-C7EF-B14A-B8D0-3315201C9DD4}.Debug|x64.Build.0 = Debug|x64
		{63CA5221-FB1D-1543-8A08-1F24EA05DFC8}.Release|Win32.ActiveCfg = Release|Win32
		{63CA5221-FB1D-1543-8A08-1F24EA05DFC8}.Release|Win32.Build.0 = Release|Win32
		{63CA5221-FB1D-1543-8A08-1F24EA05DFC8}.Release|x64.ActiveCfg = Release|x64
		{63CA5221-FB1D-1543-8A08-1F24EA05DFC8}.Release|x64.Build.0 = Release|x64
		{63CA5221-FB1D-1543-8A08-1F24EA05DFC8}.Debug|Win32.ActiveCfg = Debug|Win32
		{63CA5221-FB1D-1543-8A08-1F24EA05DFC8}.Debug|Win32.Build.0 = Debug|Win32
		{63CA5221-FB1D-1543-8A08-1F24EA05DFC8}.Debug|x64.ActiveCfg = Debug|x64
		{63CA5221-FB1D-1543-8A08-1F24EA05DFC8}.Debug|x64.Build.0 = Debug|x64
		{B0734ECE-BD3E-E045-910D-8CFE6D6C687A}.Release|Win32.ActiveCfg = Release|Win32
		{B0734ECE-BD3E-E045-910D-8CFE6D6C687A}.Release|Win32.Build.0 = Release|Win32
		{B0734ECE-BD3E-E045-910D-8CFE6D6C687A}.Release|x64.ActiveCfg = Release|x64
		{B0734ECE-BD3E-E045-910D-8CFE6D6C687A}.Release|x64.Build.0 = Release|x64
		{B0734ECE-BD3E-E045-910D-8CFE6D6C687A}.Debug|Win32.ActiveCfg = Debug|Win32
		{B0734ECE-BD3E-E045-910D-8CFE6D6C687A}.Debug|Win32.Build.0 = Debug|Win32
		{B0734ECE-BD3E-E045-910D-8CFE6D6C687A}.Debug|x64.ActiveCfg = Debug|x64
		{B0734ECE-BD3E-E045-910D-8CFE6D6C687A}.Debug|x64.Build.0 = Debug|x64
		{23461544-00A9-6F4A-AD03-1CA057F579AB}.Release|Win32.ActiveCfg = Release|Win32
		{23461544-00A9-6F4A-AD03-1CA057F579AB}.Release|Win32.Build.0 = Release|Win32
		{23461544-00A9-6F4A-AD03-1CA057F579AB}.Release|x64.ActiveCfg = Release|x64
		{23461544-00A9-6F4A-AD03-1CA057F579AB}.Release|x64.Build.0 = Release|x64
		{23461544-00A9-6F4A-AD03-1CA057F579AB}.Debug|Win32.ActiveCfg = Debug|Win32
		{23461544-00A9-6F4A-AD03-1CA057F579AB}.Debug|Win32.Build.0 = Debug|Win32
		{23461544-00A9-6F4A-AD03-1CA057F579AB}.Debug|x64.ActiveCfg = Debug|x64
		{23461544-00A9-6F4A-AD03-1CA057F579AB}.Debug|x64.Build.0 = Debug|x64
		{FA14BF78-314B-4A48-93A1-AA5B422381FB}.Release|Win32.ActiveCfg = Release|Win32
		{FA14BF78-314B-4A48-93A1-AA5B422381FB}.Release|Win32.Build.0 = Release|Win32
		{FA14BF78-314B-4A48-93A1-AA5B422381FB}.Release|x64.ActiveCfg = Release|x64
		{FA14BF78-314B-4A48-93A1-AA5B422381FB}.Release|x64.Build.0 = Release|x64
		{FA14BF78-314B-4A48-93A1-AA5B422381FB}.Debug|Win32.ActiveCfg = Debug|Win32
		{FA14BF78-314B-4A48-93A1-AA5B422381FB}.Debug|Win32.Build.0 = Debug|Win32
		{FA14BF78-314B-4A48-93A1-AA5B422381FB}.Debug|x64.ActiveCfg = Debug|x64
		{FA14BF78-314B-4A48-93A1-AA5B422381FB}.Debug|x64.Build.0 = Debug|x64
		{D1796316-EBA2-C044-9372-C1B23EA62537}.Release|Win32.ActiveCfg = Release|Win32
		{D1796316-EBA2-C044-9372-C1B23EA62537}.Release|Win32.Build.0 = Release|Win32
		{D1796316-EBA2-C044-9372-C1B23EA62537}.Release|x64.ActiveCfg = Release|x64
		{D1796316-EBA2-C044-9372-C1B23EA62537}.Release|x64.Build.0 = Release|x64
		{D1796316-EBA2-C044-9372-C1B23EA62537}.Debug|Win32.ActiveCfg = Debug|Win32
		{D1796316-EBA2-C044-9372-C1B23EA62537}.Debug|Win32.Build.0 = Debug|Win32
		{D1796316-EBA2-C044-9372-C1B23EA62537}.Debug|x64.ActiveCfg = Debug|x64
		{D1796316-EBA2-C044-9372-C1B23EA62537}.Debug|x64.Build.0 = Debug|x64
		{4B95E82B-B393-054E-A27D-638592881A2E}.Release|Win32.ActiveCfg = Release|Win32
		{4B95E82B-B393-054E-A27D-638592881A2E}.Release|Win32.Build.0 = Release|Win32
		{4B95E82B-B393-054E-A27D-638592881A2E}.Release|x64.ActiveCfg = Release|x64
		{4B95E82B-B393-054E-A27D-638592881A2E}.Release|x64.Build.0 = Release|x64
		{4B95E82B-B393-054E-A27D-638592881A2E}.Debug|Win32.ActiveCfg = Debug|Win32
		{4B95E82B-B393-054E-A27D-638592881A2E}.Debug|Win32.Build.0 = Debug|Win32
		{4B95E82B-B393-054E-A27D-638592881A2E}.Debug|x64.ActiveCfg = Debug|x64
		{4B95E82B-B393-054E-A27D-638592881A2E}.Debug|x64.Build.0 = Debug|x64
		{98E96B00-97AC-0645-A16C-CDF80C97B8F7}.Release|Win32.ActiveCfg = Release|Win32
		{98E96B00-97AC-0645-A16C-CDF80C97B8F7}.Release|Win32.Build.0 = Release|Win32
		{98E96B00-97AC-0645-A16C-CDF80C97B8F7}.Release|x64.ActiveCfg = Release|x64
		{98E96B00-97AC-0645-A16C-CDF80C97B8F7}.Release|x64.Build.0 = Release|x64
		{98E96B00-97AC-0645-A16C-CDF80C97B8F7}.Debug|Win32.ActiveCfg = Debug|Win32
		{98E96B00-97AC-0645-A16C-CDF80C97B8F7}.Debug|Win32.Build.0 = Debug|Win32
		{98E96B00-97AC-0645-A16C-CDF80C97B8F7}.Debug|x64.ActiveCfg = Debug|x64
		{98E96B00-97AC-0645-A16C-CDF80C97B8F7}.Debug|x64.Build.0 = Debug|x64
		{92A946FA-9C4D-4D42-8436-477446815F8F}.Release|Win32.ActiveCfg = Release|Win32
		{92A946FA-9C4D-4D42-8436-477446815F8F}.Release|Win32.Build.0 = Release|Win32
		{92A946FA-9C4D-4D42-8436-477446815F8F}.Release|x64.ActiveCfg = Release|x64
		{92A946FA-9C4D-4D42-8436-477446815F8F}.Release|x64.Build.0 = Release|x64
		{92A946FA-9C4D-4D42-8436-477446815F8F}.Debug|Win32.ActiveCfg = Debug|Win32
		{92A946FA-9C4D-4D42-8436-477446815F8F}.Debug|Win32.Build.0 = Debug|Win32
		{92A946FA-9C4D-4D42-8436-477446815F8F}.Debug|x64.ActiveCfg = Debug|x64
		{92A946FA-9C4D-4D42-8436-477446815F8F}.Debug|x64.Build.0 = Debug|x64
		{D67DA484-BF26-C44C-B845-9BF8E4BA5C46}.Release|Win32.ActiveCfg = Release|Win32
		{D67DA484-BF26-C44C-B845-9BF8E4BA5C46}.Release|Win32.Build.0 = Release|Win32
		{D67DA484-BF26-C44C-B845-9BF8E4BA5C46}.Release|x64.ActiveCfg = Release|x64
		{D67DA484-BF26-C44C-B845-9BF8E4BA5C46}.Release|x64.Build.0 = Release|x64
		{D67DA484-BF26-C44C-B845-9BF8E4BA5C46}.Debug|Win32.ActiveCfg = Debug|Win32
		{D67DA484-BF26-C44C-B845-9BF8E4BA5C46}.Debug|Win32.Build.0 = Debug|Win32
		{D67DA484-BF26-C44C-B845-9BF8E4BA5C46}.Debug|x64.ActiveCfg = Debug|x64
		{D67DA484-BF26-C44C-B845-9BF8E4BA5C46}.Debug|x64.Build.0 = Debug|x64
		{9895E2F5-7356-744B-84EA-A6B42437890A}.Release|Win32.ActiveCfg = Release|Win32
		{9895E2F5-7356-744B-84EA-A6B42437890A}.Release|Win32.Build.0 = Release|Win32
		{9895E2F5-7356-744B-84EA-A6B42437890A}.Release|x64.ActiveCfg = Release|x64
		{9895E2F5-7356-744B-84EA-A6B42437890A}.Release|x64.Build.0 = Release|x64
		{9895E2F5-7356-744B-84EA-A6B42437890A}.Debug|Win32.ActiveCfg = Debug|Win32
		{9895E2F5-7356-744B-84EA-A6B42437890A}.Debug|Win32.Build.0 = Debug|Win32
		{9895E2F5-7356-744B-84EA-A6B42437890A}.Debug|x64.ActiveCfg = Debug|x64
		{9895E2F5-7356-744B-84EA-A6B42437890A}.Debug|x64.Build.0 = Debug|x64
		{A2621481-DBAA-5F4A-9E5B-778B40E02F4B}.Release|Win32.ActiveCfg = Release|Win32
		{A2621481-DBAA-5F4A-9E5B-778B40E02F4B}.Release|Win32.Build.0 = Release|Win32
		{A2621481-DBAA-5F4A-9E5B-778B40E02F4B}.Release|x64.ActiveCfg = Release|x64
		{A2621481-DBAA-5F4A-9E5B-778B40E02F4B}.Release|x64.Build.0 = Release|x64
		{A2621481-DBAA-5F4A-9E5B-778B40E02F4B}.Debug|Win32.ActiveCfg = Debug|Win32
		{A2621481-DBAA-5F4A-9E5B-778B40E02F4B}.Debug|Win32.Build.0 = Debug|Win32
		{A2621481-DBAA-5F4A-9E5B-778B40E02F4B}.Debug|x64.ActiveCfg = Debug|x64
		{A2621481-DBAA-5F4A-9E5B-778B40E02F4B}.Debug|x64.Build.0 = Debug|x64
		{C9BAEA62-FC13-ED41-AD12-9AC1A55ECE6A}.Release|Win32.ActiveCfg = Release|Win32
		{C9BAEA62-FC13-ED41-AD12-9AC1A55ECE6A}.Release|Win32.Build.0 = Release|Win32
		{C9BAEA62-FC13-ED41-AD12-9AC1A55ECE6A}.Release|x64.ActiveCfg = Release|x64
		{C9BAEA62-FC13-ED41-AD12-9AC1A55ECE6A}.Release|x64.Build.0 = Release|x64
		{C9BAEA62-FC13-ED41-AD12-9AC1A55ECE6A}.Debug|Win32.ActiveCfg = Debug|Win32
		{C9BAEA62-FC13-ED41-AD12-9AC1A55ECE6A}.Debug|Win32.Build.0 = Debug|Win32
		{C9BAEA62-FC13-ED41-AD12-9AC1A55ECE6A}.Debug|x64.ActiveCfg = Debug|x64
		{C9BAEA62-FC13-ED41-AD12-9AC1A55ECE6A}.Debug|x64.Build.0 = Debug|x64
		{59C80B14-B616-1F43-A09C-E715918CA8B5}.Release|Win32.ActiveCfg = Release|Win32
		{59C80B14-B616-1F43-A09C-E715918CA8B5}.Release|Win32.Build.0 = Release|Win32
		{59C80B14-B616-1F43-A09C-E715918CA8B5}.Release|x64.ActiveCfg = Release|x64
		{59C80B14-B616-1F43-A09C-E715918CA8B5}.Release|x64.Build.0 = Release|x64
		{59C80B14-B616-1F43-A09C-E715918CA8B5}.Debug|Win32.ActiveCfg = Debug|Win32
		{59C80B14-B616-1F43-A09C-E715918CA8B5}.Debug|Win32.Build.0 = Debug|Win32
		{59C80B14-B616-1F43-A09C-E715918CA8B5}.Debug|x64.ActiveCfg = Debug|x64
		{59C80B14-B616-1F43-A09C-E715918CA8B5}.Debug|x64.Build.0 = Debug|x64
		{871E81C4-B9E1-8C47-9993-1FDBE24E72FF}.Release|Win32.ActiveCfg = Release|Win32
		{871E81C4-B9E1-8C47-9993-1FDBE24E72FF}.Release|Win32.Build.0 = Release|Win32
		{871E81C4-B9E1-8C47-9993-1FDBE24E72FF}.Release|x64.ActiveCfg = Release|x64
		{871E81C4-B9E1-8C47-9993-1FDBE24E72FF}.Release|x64.Build.0 = Release|x64
		{871E81C4-B9E1-8C47-9993-1FDBE24E72FF}.Debug|Win32.ActiveCfg = Debug|Win32
		{871E81C4-B9E1-8C47-9993-1FDBE24E72FF}.Debug|Win32.Build.0 = Debug|Win32
		{871E81C4-B9E1-8C47-9993-1FDBE24E72FF}.Debug|x64.ActiveCfg = Debug|x64
		{871E81C4-B9E1-8C47-9993-1FDBE24E72FF}.Debug|x64.Build.0 = Debug|x64
		{67A89D8C-EA37-B944-B4B8-059361010BF6}.Release|Win32.ActiveCfg = Release|Win32
		{67A89D8C-EA37-B944-B4B8-059361010BF6}.Release|Win32.Build.0 = Release|Win32
		{67A89D8C-EA37-B944-B4B8-059361010BF6}.Release|x64.ActiveCfg = Release|x64
		{67A89D8C-EA37-B944-B4B8-059361010BF6}.Release|x64.Build.0 = Release|x64
		{67A89D8C-EA37-B944-B4B8-059361010BF6}.Debug|Win32.ActiveCfg = Debug|Win32
		{67A89D8C-EA37-B944-B4B8-059361010BF6}.Debug|Win32.Build.0 = Debug|Win32
		{67A89D8C-EA37-B944-B4B8-059361010BF6}.Debug|x64.ActiveCfg = Debug|x64
		{67A89D8C-EA37-B944-B4B8-059361010BF6}.Debug|x64.Build.0 = Debug|x64
		{410501CA-9F7B-7745-BF46-A276A8AB3735}.Release|Win32.ActiveCfg = Release|Win32
		{410501CA-9F7B-7745-BF46-A276A8AB3735}.Release|Win32.Build.0 = Release|Win32
		{410501CA-9F7B-7745-BF46-A276A8AB3735}.Release|x64.ActiveCfg = Release|x64
		{410501CA-9F7B-7745-BF46-A276A8AB3735}.Release|x64.Build.0 = Release|x64
		{410501CA-9F7B-7745-BF46-A276A8AB3735}.Debug|Win32.ActiveCfg = Debug|Win32
		{410501CA-9F7B-7745-BF46-A276A8AB3735}.Debug|Win32.Build.0 = Debug|Win32
		{410501CA-9F7B-7745-BF46-A276A8AB3735}.Debug|x64.ActiveCfg = Debug|x64
		{410501CA-9F7B-7745-BF46-A276A8AB3735}.Debug|x64.Build.0 = Debug|x64
		{7183C8AC-2CB4-0F42-93B1-9A9EBF1E6B61}.Release|Win32.ActiveCfg = Release|Win32
		{7183C8AC-2CB4-0F42-93B1-9A9EBF1E6B61}.Release|Win32.Build.0 = Release|Win32
		{7183C8AC-2CB4-0F42-93B1-9A9EBF1E6B61}.Release|x64.ActiveCfg = Release|x64
		{7183C8AC-2CB4-0F42-93B1-9A9EBF1E6B61}.Release|x64.Build.0 = Release|x64
		{7183C8AC-2CB4-0F42-93B1-9A9EBF1E6B61}.Debug|Win32.ActiveCfg = Debug|Win32
		{7183C8AC-2CB4-0F42-93B1-9A9EBF1E6B61}.Debug|Win32.Build.0 = Debug|Win32
		{7183C8AC-2CB4-0F42-93B1-9A9EBF1E6B61}.Debug|x64.ActiveCfg = Debug|x64
		{7183C8AC-2CB4-0F42-93B1-9A9EBF1E6B61}.Debug|x64.Build.0 = Debug|x64
		{8C02DABF-5F0C-2A40-A2C8-EDE3B29AE65B}.Release|Win32.ActiveCfg = Release|Win32
		{8C02DABF-5F0C-2A40-A2C8-EDE3B29AE65B}.Release|Win32.Build.0 = Release|Win32
		{8C02DABF-5F0C-2A40-A2C8-EDE3B29AE65B}.Release|x64.ActiveCfg = Release|x64
		{8C02DABF-5F0C-2A40-A2C8-EDE3B29AE65B}.Release|x64.Build.0 = Release|x64
		{8C02DABF-5F0C-2A40-A2C8-EDE3B29AE65B}.Debug|Win32.ActiveCfg = Debug|Win32
		{8C02DABF-5F0C-2A40-A2C8-EDE3B29AE65B}.Debug|Win32.Build.0 = Debug|Win32
		{8C02DABF-5F0C-2A40-A2C8-EDE3B29AE65B}.Debug|x64.ActiveCfg = Debug|x64
		{8C02DABF-5F0C-2A40-A2C8-EDE3B29AE65B}.Debug|x64.Build.0 = Debug|x64
		{09F79155-83D2-1E41-BF20-3FF2CF8AE748}.Release|Win32.ActiveCfg = Release|Win32
		{09F79155-83D2-1E41-BF20-3FF2CF8AE748}.Release|Win32.Build.0 = Release|Win32
		{09F79155-83D2-1E41-BF20-3FF2CF8AE748}.Release|x64.ActiveCfg = Release|x64
		{09F79155-83D2-1E41-BF20-3FF2CF8AE748}.Release|x64.Build.0 = Release|x64
		{09F79155-83D2-1E41-BF20-3FF2CF8AE748}.Debug|Win32.ActiveCfg = Debug|Win32
		{09F79155-83D2-1E41-BF20-3FF2CF8AE748}.Debug|Win32.Build.0 = Debug|Win32
		{09F79155-83D2-1E41-BF20-3FF2CF8AE748}.Debug|x64.ActiveCfg = Debug|x64
		{09F79155-83D2-1E41-BF20-3FF2CF8AE748}.Debug|x64.Build.0 = Debug|x64
		{B21E90E4-E83D-0E40-8DEE-23E1FF2C0FCE}.Release|Win32.ActiveCfg = Release|Win32
		{B21E90E4-E83D-0E40-8DEE-23E1FF2C0FCE}.Release|Win32.Build.0 = Release|Win32
		{B21E90E4-E83D-0E40-8DEE-23E1FF2C0FCE}.Release|x64.ActiveCfg = Release|x64
		{B21E90E4-E83D-0E40-8DEE-23E1FF2C0FCE}.Release|x64.Build.0 = Release|x64
		{B21E90E4-E83D-0E40-8DEE-23E1FF2C0FCE}.Debug|Win32.ActiveCfg = Debug|Win32
		{B21E90E4-E83D-0E40-8DEE-23E1FF2C0FCE}.Debug|Win32.Build.0 = Debug|Win32
		{B21E90E4-E83D-0E40-8DEE-23E1FF2C0FCE}.Debug|x64.ActiveCfg = Debug|x64
		{B21E90E4-E83D-0E40-8DEE-23E1FF2C0FCE}.Debug|x64.Build.0 = Debug|x64
		{4A26CFE8-7402-8841-920E-E4C0E6CC8400}.Release|Win32.ActiveCfg = Release|Win32
		{4A26CFE8-7402-8841-920E-E4C0E6CC8400}.Release|Win32.Build.0 = Release|Win32
		{4A26CFE8-7402-8841-920E-E4C0E6CC8400}.Release|x64.ActiveCfg = Release|x64
		{4A26CFE8-7402-8841-920E-E4C0E6CC8400}.Release|x64.Build.0 = Release|x64
		{4A26CFE8-7402-8841-920E-E4C0E6CC8400}.Debug|Win32.ActiveCfg = Debug|Win32
		{4A26CFE8-7402-8841-920E-E4C0E6CC8400}.Debug|Win32.Build.0 = Debug|Win32
		{4A26CFE8-7402-8841-920E-E4C0E6CC8400}.Debug|x64.ActiveCfg = Debug|x64
		{4A26CFE8-7402-8841-920E-E4C0E6CC8400}.Debug|x64.Build.0 = Debug|x64
		{342BD41E-54D7-5440-A134-946E8BC076F3}.Release|Win32.ActiveCfg = Release|Win32
		{342BD41E-54D7-5440-A134-946E8BC076F3}.Release|Win32.Build.0 = Release|Win32
		{342BD41E-54D7-5440-A134-946E8BC076F3}.Release|x64.ActiveCfg = Release|x64
		{342BD41E-54D7-5440-A134-946E8BC076F3}.Release|x64.Build.0 = Release|x64
		{342BD41E-54D7-5440-A134-946E8BC076F3}.Debug|Win32.ActiveCfg = Debug|Win32
		{342BD41E-54D7-5440-A134-946E8BC076F3}.Debug|Win32.Build.0 = Debug|Win32
		{342BD41E-54D7-5440-A134-946E8BC076F3}.Debug|x64.ActiveCfg = Debug|x64
		{342BD41E-54D7-5440-A134-946E8BC076F3}.Debug|x64.Build.0 = Debug|x64
		{69247861-1C66-F240-8C72-9E4C17AD8A86}.Release|Win32.ActiveCfg = Release|Win32
		{69247861-1C66-F240-8C72-9E4C17AD8A86}.Release|Win32.Build.0 = Release|Win32
		{69247861-1C66-F240-8C72-9E4C17AD8A86}.Release|x64.ActiveCfg = Release|x64
		{69247861-1C66-F240-8C72-9E4C17AD8A86}.Release|x64.Build.0 = Release|x64
		{69247861-1C66-F240-8C72-9E4C17AD8A86}.Debug|Win32.ActiveCfg = Debug|Win32
		{69247861-1C66-F240-8C72-9E4C17AD8A86}.Debug|Win32.Build.0 = Debug|Win32
		{69247861-1C66-F240-8C72-9E4C17AD8A86}.Debug|x64.ActiveCfg = Debug|x64
		{69247861-1C66-F240-8C72-9E4C17AD8A86}.Debug|x64.Build.0 = Debug|x64
		{2289294E-DAAA-044A-91D5-1065F6AB4D34}.Release|Win32.ActiveCfg = Release|Win32
		{2289294E-DAAA-044A-91D5-1065F6AB4D34}.Release|Win32.Build.0 = Release|Win32
		{2289294E-DAAA-044A-91D5-1065F6AB4D34}.Release|x64.ActiveCfg = Release|x64
		{2289294E-DAAA-044A-91D5-1065F6AB4D34}.Release|x64.Build.0 = Release|x64
		{2289294E-DAAA-044A-91D5-1065F6AB4D34}.Debug|Win32.ActiveCfg = Debug|Win32
		{2289294E-DAAA-044A-91D5-1065F6AB4D34}.Debug|Win32.Build.0 = Debug|Win32
		{2289294E-DAAA-044A-91D5-1065F6AB4D34}.Debug|x64.ActiveCfg = Debug|x64
		{2289294E-DAAA-044A-91D5-1065F6AB4D34}.Debug|x64.Build.0 = Debug|x64
		{EBA92535-DA39-7540-91BE-75C2726FBE2A}.Release|Win32.ActiveCfg = Release|Win32
		{EBA92535-DA39-7540-91BE-75C2726FBE2A}.Release|Win32.Build.0 = Release|Win32
		{EBA92535-DA39-7540-91BE-75C2726FBE2A}.Release|x64.ActiveCfg = Release|x64
		{EBA92535-DA39-7540-91BE-75C2726FBE2A}.Release|x64.Build.0 = Release|x64
		{EBA92535-DA39-7540-91BE-75C2726FBE2A}.Debug|Win32.ActiveCfg = Debug|Win32
		{EBA92535-DA39-7540-91BE-75C2726FBE2A}.Debug|Win32.Build.0 = Debug|Win32
		{EBA92535-DA39-7540-91BE-75C2726FBE2A}.Debug|x64.ActiveCfg = Debug|x64
		{EBA92535-DA39-7540-91BE-75C2726FBE2A}.Debug|x64.Build.0 = Debug|x64
		{4BEA7B6B-EC88-694C-802E-D482316A6C3B}.Release|Win32.ActiveCfg = Release|Win32
		{4BEA7B6B-EC88-694C-802E-D482316A6C3B}.Release|Win32.Build.0 = Release|Win32
		{4BEA7B6B-EC88-694C-802E-D482316A6C3B}.Release|x64.ActiveCfg = Release|x64
		{4BEA7B6B-EC88-694C-802E-D482316A6C3B}.Release|x64.Build.0 = Release|x64
		{4BEA7B6B-EC88-694C-802E-D482316A6C3B}.Debug|Win32.ActiveCfg = Debug|Win32
		{4BEA7B6B-EC88-694C-802E-D482316A6C3B}.Debug|Win32.Build.0 = Debug|Win32
		{4BEA7B6B-EC88-694C-802E-D482316A6C3B}.Debug|x64.ActiveCfg = Debug|x64
		{4BEA7B6B-EC88-694C-802E-D482316A6C3B}.Debug|x64.Build.0 = Debug|x64
		{D850EFE1-A87E-D647-96B8-63A0BED89140}.Release|Win32.ActiveCfg = Release|Win32
		{D850EFE1-A87E-D647-96B8-63A0BED89140}.Release|Win32.Build.0 = Release|Win32
		{D850EFE1-A87E-D647-96B8-63A0BED89140}.Release|x64.ActiveCfg = Release|x64
		{D850EFE1-A87E-D647-96B8-63A0BED89140}.Release|x64.Build.0 = Release|x64
		{D850EFE1-A87E-D647-96B8-63A0BED89140}.Debug|Win32.ActiveCfg = Debug|Win32
		{D850EFE1-A87E-D647-96B8-63A0BED89140}.Debug|Win32.Build.0 = Debug|Win32
		{D850EFE1-A87E-D647-96B8-63A0BED89140}.Debug|x64.ActiveCfg = Debug|x64
		{D850EFE1-A87E-D647-96B8-63A0BED89140}.Debug|x64.Build.0 = Debug|x64
		{D263B8E1-BFD4-384F-AA58-85B34D00F2F7}.Release|Win32.ActiveCfg = Release|Win32
		{D263B8E1-BFD4-384F-AA58-85B34D00F2F7}.Release|Win32.Build.0 = Release|Win32
		{D263B8E1-BFD4-384F-AA58-85B34D00F2F7}.Release|x64.ActiveCfg = Release|x64
		{D263B8E1-BFD4-384F-AA58-85B34D00F2F7}.Release|x64.Build.0 = Release|x64
		{D263B8E1-BFD4-384F-AA58-85B34D00F2F7}.Debug|Win32.ActiveCfg = Debug|Win32
		{D263B8E1-BFD4-384F-AA58-85B34D00F2F7}.Debug|Win32.Build.0 = Debug|Win32
		{D263B8E1-BFD4-384F-AA58-85B34D00F2F7}.Debug|x64.ActiveCfg = Debug|x64
		{D263B8E1-BFD4-384F-AA58-85B34D00F2F7}.Debug|x64.Build.0 = Debug|x64
		{B4BD690E-0615-BF4C-A6F0-BA482922572A}.Release|Win32.ActiveCfg = Release|Win32
		{B4BD690E-0615-BF4C-A6F0-BA482922572A}.Release|Win32.Build.0 = Release|Win32
		{B4BD690E-0615-BF4C-A6F0-BA482922572A}.Release|x64.ActiveCfg = Release|x64
		{B4BD690E-0615-BF4C-A6F0-BA482922572A}.Release|x64.Build.0 = Release|x64
		{B4BD690E-0615-BF4C-A6F0-BA482922572A}.Debug|Win32.ActiveCfg = Debug|Win32
		{B4BD690E-0615-BF4C-A6F0-BA482922572A}.Debug|Win32.Build.0 = Debug|Win32
		{B4BD690E-0615-BF4C-A6F0-BA482922572A}.Debug|x64.ActiveCfg = Debug|x64
		{B4BD690E-0615-BF4C-A6F0-BA482922572A}.Debug|x64.Build.0 = Debug|x64
		{7344DE19-517E-9744-923C-40DC8FDE2AF5}.Release|Win32.ActiveCfg = Release|Win32
		{7344DE19-517E-9744-923C-40DC8FDE2AF5}.Release|Win32.Build.0 = Release|Win32
		{7344DE19-517E-9744-923C-40DC8FDE2AF5}.Release|x64.ActiveCfg = Release|x64
		{7344DE19-517E-9744-923C-40DC8FDE2AF5}.Release|x64.Build.0 = Release|x64
		{7344DE19-517E-9744-923C-40DC8FDE2AF5}.Debug|Win32.ActiveCfg = Debug|Win32
		{7344DE19-517E-9744-923C-40DC8FDE2AF5}.Debug|Win32.Build.0 = Debug|Win32
		{7344DE19-517E-9744-923C-40DC8FDE2AF5}.Debug|x64.ActiveCfg = Debug|x64
		{7344DE19-517E-9744-923C-40DC8FDE2AF5}.Debug|x64.Build.0 = Debug|x64
		{EDD3E05A-7D23-3D49-B4A2-CFFEA944A65B}.Release|Win32.ActiveCfg = Release|Win32
		{EDD3E05A-7D23-3D49-B4A2-CFFEA944A65B}.Release|Win32.Build.0 = Release|Win32
		{EDD3E05A-7D23-3D49-B4A2-CFFEA944A65B}.Release|x64.ActiveCfg = Release|x64
		{EDD3E05A-7D23-3D49-B4A2-CFFEA944A65B}.Release|x64.Build.0 = Release|x64
		{EDD3E05A-7D23-3D49-B4A2-CFFEA944A65B}.Debug|Win32.ActiveCfg = Debug|Win32
		{EDD3E05A-7D23-3D49-B4A2-CFFEA944A65B}.Debug|Win32.Build.0 = Debug|Win32
		{EDD3E05A-7D23-3D49-B4A2-CFFEA944A65B}.Debug|x64.ActiveCfg = Debug|x64
		{EDD3E05A-7D23-3D49-B4A2-CFFEA944A65B}.Debug|x64.Build.0 = Debug|x64
		{6844C22D-C987-4B46-962A-A228F89441B2}.Release|Win32.ActiveCfg = Release|Win32
		{6844C22D-C987-4B46-962A-A228F89441B2}.Release|Win32.Build.0 = Release|Win32
		{6844C22D-C987-4B46-962A-A228F89441B2}.Release|x64.ActiveCfg = Release|x64
		{6844C22D-C987-4B46-962A-A228F89441B2}.Release|x64.Build.0 = Release|x64
		{6844C22D-C987-4B46-962A-A228F89441B2}.Debug|Win32.ActiveCfg = Debug|Win32
		{6844C22D-C987-4B46-962A-A228F89441B2}.Debug|Win32.Build.0 = Debug|Win32
		{6844C22D-C987-4B46-962A-A228F89441B2}.Debug|x64.ActiveCfg = Debug|x64
		{6844C22D-C987-4B46-962A-A228F89441B2}.Debug|x64.Build.0 = Debug|x64
		{94E1DBAB-2DA7-7C4F-B8E4-9D6FD446C56C}.Release|Win32.ActiveCfg = Release|Win32
		{94E1DBAB-2DA7-7C4F-B8E4-9D6FD446C56C}.Release|Win32.Build.0 = Release|Win32
		{94E1DBAB-2DA7-7C4F-B8E4-9D6FD446C56C}.Release|x64.ActiveCfg = Release|x64
		{94E1DBAB-2DA7-7C4F-B8E4-9D6FD446C56C}.Release|x64.Build.0 = Release|x64
		{94E1DBAB-2DA7-7C4F-B8E4-9D6FD446C56C}.Debug|Win32.ActiveCfg = Debug|Win32
		{94E1DBAB-2DA7-7C4F-B8E4-9D6FD446C56C}.Debug|Win32.Build.0 = Debug|Win32
		{94E1DBAB-2DA7-7C4F-B8E4-9D6FD446C56C}.Debug|x64.ActiveCfg = Debug|x64
		{94E1DBAB-2DA7-7C4F-B8E4-9D6FD446C56C}.Debug|x64.Build.0 = Debug|x64
		{B9F8BAE5-53C9-2F40-891B-C06D11C78495}.Release|Win32.ActiveCfg = Release|Win32
		{B9F8BAE5-53C9-2F40-891B-C06D11C78495}.Release|Win32.Build.0 = Release|Win32
		{B9F8BAE5-53C9-2F40-891B-C06D11C78495}.Release|x64.ActiveCfg = Release|x64
		{B9F8BAE5-53C9-2F40-891B-C06D11C78495}.Release|x64.Build.0 = Release|x64
		{B9F8BAE5-53C9-2F40-891B-C06D11C78495}.Debug|Win32.ActiveCfg = Debug|Win32
		{B9F8BAE5-53C9-2F40-891B-C06D11C78495}.Debug|Win32.Build.0 = Debug|Win32
		{B9F8BAE5-53C9-2F40-891B-C06D11C78495}.Debug|x64.ActiveCfg = Debug|x64
		{B9F8BAE5-53C9-2F40-891B-C06D11C78495}.Debug|x64.Build.0 = Debug|x64
		{C8971061-2CA6-7546-8412-1B751ACB9B12}.Release|Win32.ActiveCfg = Release|Win32
		{C8971061-2CA6-7546-8412-1B751ACB9B12}.Release|Win32.Build.0 = Release|Win32
		{C8971061-2CA6-7546-8412-1B751ACB9B12}.Release|x64.ActiveCfg = Release|x64
		{C8971061-2CA6-7546-8412-1B751ACB9B12}.Release|x64.Build.0 = Release|x64
		{C8971061-2CA6-7546-8412-1B751ACB9B12}.Debug|Win32.ActiveCfg = Debug|Win32
		{C8971061-2CA6-7546-8412-1B751ACB9B12}.Debug|Win32.Build.0 = Debug|Win32
		{C8971061-2CA6-7546-8412-1B751ACB9B12}.Debug|x64.ActiveCfg = Debug|x64
		{C8971061-2CA6-7546-8412-1B751ACB9B12}.Debug|x64.Build.0 = Debug|x64
		{CC0DEAF7-AA6B-5946-9897-29DD45B236AB}.Release|Win32.ActiveCfg = Release|Win32
		{CC0DEAF7-AA6B-5946-9897-29DD45B236AB}.Release|Win32.Build.0 = Release|Win32
		{CC0DEAF7-AA6B-5946-9897-29DD45B236AB}.Release|x64.ActiveCfg = Release|x64
		{CC0DEAF7-AA6B-5946-9897-29DD45B236AB}.Release|x64.Build.0 = Release|x64
		{CC0DEAF7-AA6B-5946-9897-29DD45B236AB}.Debug|Win32.ActiveCfg = Debug|Win32
		{CC0DEAF7-AA6B-5946-9897-29DD45B236AB}.Debug|Win32.Build.0 = Debug|Win32
		{CC0DEAF7-AA6B-5946-9897-29DD45B236AB}.Debug|x64.ActiveCfg = Debug|x64
		{CC0DEAF7-AA6B-5946-9897-29DD45B236AB}.Debug|x64.Build.0 = Debug|x64
		{E32651A2-9799-3840-A45F-3AAE1AD13290}.Release|Win32.ActiveCfg = Release|Win32
		{E32651A2-9799-3840-A45F-3AAE1AD13290}.Release|Win32.Build.0 = Release|Win32
		{E32651A2-9799-3840-A45F-3AAE1AD13290}.Release|x64.ActiveCfg = Release|x64
		{E32651A2-9799-3840-A45F-3AAE1AD13290}.Release|x64.Build.0 = Release|x64
		{E32651A2-9799-3840-A45F-3AAE1AD13290}.Debug|Win32.ActiveCfg = Debug|Win32
		{E32651A2-9799-3840-A45F-3AAE1AD13290}.Debug|Win32.Build.0 = Debug|Win32
		{E32651A2-9799-3840-A45F-3AAE1AD13290}.Debug|x64.ActiveCfg = Debug|x64
		{E32651A2-9799-3840-A45F-3AAE1AD13290}.Debug|x64.Build.0 = Debug|x64
		{6F13CDB1-6F54-2344-992E-22015DACA09C}.Release|Win32.ActiveCfg = Release|Win32
		{6F13CDB1-6F54-2344-992E-22015DACA09C}.Release|Win32.Build.0 = Release|Win32
		{6F13CDB1-6F54-2344-992E-22015DACA09C}.Release|x64.ActiveCfg = Release|x64
		{6F13CDB1-6F54-2344-992E-22015DACA09C}.Release|x64.Build.0 = Release|x64
		{6F13CDB1-6F54-2344-992E-22015DACA09C}.Debug|Win32.ActiveCfg = Debug|Win32
		{6F13CDB1-6F54-2344-992E-22015DACA09C}.Debug|Win32.Build.0 = Debug|Win32
		{6F13CDB1-6F54-2344-992E-22015DACA09C}.Debug|x64.ActiveCfg = Debug|x64
		{6F13CDB1-6F54-2344-992E-22015DACA09C}.Debug|x64.Build.0 = Debug|x64
		{1AA09089-5433-294A-9FB2-7F1FAC139D6A}.Release|Win32.ActiveCfg = Release|Win32
		{1AA09089-5433-294A-9FB2-7F1FAC139D6A}.Release|Win32.Build.0 = Release|Win32
		{1AA09089-5433-294A-9FB2-7F1FAC139D6A}.Release|x64.ActiveCfg = Release|x64
		{1AA09089-5433-294A-9FB2-7F1FAC139D6A}.Release|x64.Build.0 = Release|x64
		{1AA09089-5433-294A-9FB2-7F1FAC139D6A}.Debug|Win32.ActiveCfg = Debug|Win32
		{1AA09089-5433-294A-9FB2-7F1FAC139D6A}.Debug|Win32.Build.0 = Debug|Win32
		{1AA09089-5433-294A-9FB2-7F1FAC139D6A}.Debug|x64.ActiveCfg = Debug|x64
		{1AA09089-5433-294A-9FB2-7F1FAC139D6A}.Debug|x64.Build.0 = Debug|x64
	EndGlobalSection
	GlobalSection(SolutionProperties) = preSolution
		HideSolutionNode = FALSE
	EndGlobalSection
EndGlobal
