<?xml version="1.0" encoding="utf-8"?>
<Project ToolsVersion="4.0" xmlns="http://schemas.microsoft.com/developer/msbuild/2003">
  <ItemGroup>
    <Filter Include="Demos">
      <UniqueIdentifier>{A09DD286-BF21-8048-BC1C-D99DE91826FD}</UniqueIdentifier>
    </Filter>
    <Filter Include="Demos\EPAPenDepthDemo">
      <UniqueIdentifier>{8AB24F39-020D-444C-A29E-5D423F300355}</UniqueIdentifier>
    </Filter>
  </ItemGroup>
  <ItemGroup>
    <ClCompile Include="..\..\Demos\EPAPenDepthDemo\PenetrationTestBullet.cpp">
      <Filter>Demos\EPAPenDepthDemo</Filter>
    </ClCompile>
  </ItemGroup>
  <ItemGroup>
    <ResourceCompile Include="..\bullet.rc" />
  </ItemGroup>
</Project>
