<?xml version="1.0" encoding="utf-8"?>
<Project ToolsVersion="4.0" xmlns="http://schemas.microsoft.com/developer/msbuild/2003">
  <ItemGroup>
    <Filter Include="Demos">
      <UniqueIdentifier>{B3DD8D96-E96F-FC4C-B23B-AD043FA994C6}</UniqueIdentifier>
    </Filter>
    <Filter Include="Demos\ConcaveRaycastDemo">
      <UniqueIdentifier>{218D7815-9468-814D-9AC0-485A77BC4F51}</UniqueIdentifier>
    </Filter>
  </ItemGroup>
  <ItemGroup>
    <ClInclude Include="..\..\Demos\ConcaveRaycastDemo\ConcaveRaycastDemo.h">
      <Filter>Demos\ConcaveRaycastDemo</Filter>
    </ClInclude>
  </ItemGroup>
  <ItemGroup>
    <ClCompile Include="..\..\Demos\ConcaveRaycastDemo\ConcaveRaycastDemo.cpp">
      <Filter>Demos\ConcaveRaycastDemo</Filter>
    </ClCompile>
    <ClCompile Include="..\..\Demos\ConcaveRaycastDemo\main.cpp">
      <Filter>Demos\ConcaveRaycastDemo</Filter>
    </ClCompile>
  </ItemGroup>
  <ItemGroup>
    <ResourceCompile Include="..\bullet.rc" />
  </ItemGroup>
</Project>
