<?xml version="1.0" encoding="utf-8"?>
<Project ToolsVersion="4.0" xmlns="http://schemas.microsoft.com/developer/msbuild/2003">
  <ItemGroup>
    <Filter Include="Demos">
      <UniqueIdentifier>{E54C65D9-DB90-FB48-96AF-1FA91BAA6DE1}</UniqueIdentifier>
    </Filter>
    <Filter Include="Demos\RollingFrictionDemo">
      <UniqueIdentifier>{68BF2477-0EE2-9A46-9014-BD478B4A4131}</UniqueIdentifier>
    </Filter>
  </ItemGroup>
  <ItemGroup>
    <ClInclude Include="..\..\Demos\RollingFrictionDemo\RollingFrictionDemo.h">
      <Filter>Demos\RollingFrictionDemo</Filter>
    </ClInclude>
  </ItemGroup>
  <ItemGroup>
    <ClCompile Include="..\..\Demos\RollingFrictionDemo\main.cpp">
      <Filter>Demos\RollingFrictionDemo</Filter>
    </ClCompile>
    <ClCompile Include="..\..\Demos\RollingFrictionDemo\RollingFrictionDemo.cpp">
      <Filter>Demos\RollingFrictionDemo</Filter>
    </ClCompile>
    <ClCompile Include="..\..\Demos\RollingFrictionDemo\Win32RollingFrictionDemo.cpp">
      <Filter>Demos\RollingFrictionDemo</Filter>
    </ClCompile>
  </ItemGroup>
  <ItemGroup>
    <ResourceCompile Include="..\bullet.rc" />
  </ItemGroup>
</Project>
