<?xml version="1.0" encoding="utf-8"?>
<Project ToolsVersion="4.0" xmlns="http://schemas.microsoft.com/developer/msbuild/2003">
  <ItemGroup>
    <Filter Include="Demos">
      <UniqueIdentifier>{147AD50C-2B06-C54D-BD52-C4BFFF139352}</UniqueIdentifier>
    </Filter>
    <Filter Include="Demos\SliderConstraintDemo">
      <UniqueIdentifier>{BF4B5BC5-A73B-DA43-821D-AF3F821F85FD}</UniqueIdentifier>
    </Filter>
  </ItemGroup>
  <ItemGroup>
    <ClInclude Include="..\..\Demos\SliderConstraintDemo\SliderConstraintDemo.h">
      <Filter>Demos\SliderConstraintDemo</Filter>
    </ClInclude>
  </ItemGroup>
  <ItemGroup>
    <ClCompile Include="..\..\Demos\SliderConstraintDemo\main.cpp">
      <Filter>Demos\SliderConstraintDemo</Filter>
    </ClCompile>
    <ClCompile Include="..\..\Demos\SliderConstraintDemo\SliderConstraintDemo.cpp">
      <Filter>Demos\SliderConstraintDemo</Filter>
    </ClCompile>
  </ItemGroup>
  <ItemGroup>
    <ResourceCompile Include="..\bullet.rc" />
  </ItemGroup>
</Project>
