<?xml version="1.0" encoding="utf-8"?>
<Project ToolsVersion="4.0" xmlns="http://schemas.microsoft.com/developer/msbuild/2003">
  <ItemGroup>
    <Filter Include="Demos">
      <UniqueIdentifier>{F844EB9F-98EE-804C-94BC-DBE87418C8DC}</UniqueIdentifier>
    </Filter>
    <Filter Include="Demos\CollisionDemo">
      <UniqueIdentifier>{43BF689B-1F74-0543-B1D9-0F9E7D955B79}</UniqueIdentifier>
    </Filter>
  </ItemGroup>
  <ItemGroup>
    <ClInclude Include="..\..\Demos\CollisionDemo\CollisionDemo.h">
      <Filter>Demos\CollisionDemo</Filter>
    </ClInclude>
  </ItemGroup>
  <ItemGroup>
    <ClCompile Include="..\..\Demos\CollisionDemo\CollisionDemo.cpp">
      <Filter>Demos\CollisionDemo</Filter>
    </ClCompile>
  </ItemGroup>
  <ItemGroup>
    <ResourceCompile Include="..\bullet.rc" />
  </ItemGroup>
</Project>
