<?xml version="1.0" encoding="utf-8"?>
<Project ToolsVersion="4.0" xmlns="http://schemas.microsoft.com/developer/msbuild/2003">
  <ItemGroup>
    <Filter Include="Demos">
      <UniqueIdentifier>{21FA484C-06A1-C64F-9037-D0BAF97A1CA6}</UniqueIdentifier>
    </Filter>
    <Filter Include="Demos\MovingConcaveDemo">
      <UniqueIdentifier>{A33610E8-F5A5-1242-AE4F-509B97F098E1}</UniqueIdentifier>
    </Filter>
  </ItemGroup>
  <ItemGroup>
    <ClInclude Include="..\..\Demos\MovingConcaveDemo\ConcaveDemo.h">
      <Filter>Demos\MovingConcaveDemo</Filter>
    </ClInclude>
  </ItemGroup>
  <ItemGroup>
    <ClCompile Include="..\..\Demos\MovingConcaveDemo\ConcavePhysicsDemo.cpp">
      <Filter>Demos\MovingConcaveDemo</Filter>
    </ClCompile>
  </ItemGroup>
  <ItemGroup>
    <ResourceCompile Include="..\bullet.rc" />
  </ItemGroup>
</Project>
