<?xml version="1.0" encoding="utf-8"?>
<Project ToolsVersion="4.0" xmlns="http://schemas.microsoft.com/developer/msbuild/2003">
  <ItemGroup>
    <Filter Include="Demos">
      <UniqueIdentifier>{696FFAF8-8E07-2241-83BC-C2517DB69920}</UniqueIdentifier>
    </Filter>
    <Filter Include="Demos\ForkLiftDemo">
      <UniqueIdentifier>{E30B2131-77A5-694A-B30D-D5C251376EF1}</UniqueIdentifier>
    </Filter>
  </ItemGroup>
  <ItemGroup>
    <ClInclude Include="..\..\Demos\ForkLiftDemo\ForkLiftDemo.h">
      <Filter>Demos\ForkLiftDemo</Filter>
    </ClInclude>
  </ItemGroup>
  <ItemGroup>
    <ClCompile Include="..\..\Demos\ForkLiftDemo\ForkLiftDemo.cpp">
      <Filter>Demos\ForkLiftDemo</Filter>
    </ClCompile>
    <ClCompile Include="..\..\Demos\ForkLiftDemo\main.cpp">
      <Filter>Demos\ForkLiftDemo</Filter>
    </ClCompile>
  </ItemGroup>
  <ItemGroup>
    <ResourceCompile Include="..\bullet.rc" />
  </ItemGroup>
</Project>
