<?xml version="1.0" encoding="utf-8"?>
<Project ToolsVersion="4.0" xmlns="http://schemas.microsoft.com/developer/msbuild/2003">
  <ItemGroup>
    <Filter Include="Demos">
      <UniqueIdentifier>{5A8FC821-2A98-7243-8D8C-DEF550D33954}</UniqueIdentifier>
    </Filter>
    <Filter Include="Demos\DynamicControlDemo">
      <UniqueIdentifier>{FA4F8DAD-75D1-8A4C-90B4-78E510E5B4F4}</UniqueIdentifier>
    </Filter>
  </ItemGroup>
  <ItemGroup>
    <ClInclude Include="..\..\Demos\DynamicControlDemo\MotorDemo.h">
      <Filter>Demos\DynamicControlDemo</Filter>
    </ClInclude>
  </ItemGroup>
  <ItemGroup>
    <ClCompile Include="..\..\Demos\DynamicControlDemo\main.cpp">
      <Filter>Demos\DynamicControlDemo</Filter>
    </ClCompile>
    <ClCompile Include="..\..\Demos\DynamicControlDemo\MotorDemo.cpp">
      <Filter>Demos\DynamicControlDemo</Filter>
    </ClCompile>
  </ItemGroup>
  <ItemGroup>
    <ResourceCompile Include="..\bullet.rc" />
  </ItemGroup>
</Project>
