<?xml version="1.0" encoding="utf-8"?>
<Project ToolsVersion="4.0" xmlns="http://schemas.microsoft.com/developer/msbuild/2003">
  <ItemGroup>
    <Filter Include="Demos">
      <UniqueIdentifier>{3B79ABE4-6724-194B-8D14-0572C9377AA7}</UniqueIdentifier>
    </Filter>
    <Filter Include="Demos\SimplexDemo">
      <UniqueIdentifier>{157E6812-652A-E84A-A3CB-9820943081C9}</UniqueIdentifier>
    </Filter>
  </ItemGroup>
  <ItemGroup>
    <ClInclude Include="..\..\Demos\SimplexDemo\SimplexDemo.h">
      <Filter>Demos\SimplexDemo</Filter>
    </ClInclude>
  </ItemGroup>
  <ItemGroup>
    <ClCompile Include="..\..\Demos\SimplexDemo\SimplexDemo.cpp">
      <Filter>Demos\SimplexDemo</Filter>
    </ClCompile>
  </ItemGroup>
  <ItemGroup>
    <ResourceCompile Include="..\bullet.rc" />
  </ItemGroup>
</Project>
