<?xml version="1.0" encoding="utf-8"?>
<Project ToolsVersion="4.0" xmlns="http://schemas.microsoft.com/developer/msbuild/2003">
  <ItemGroup>
    <Filter Include="Demos">
      <UniqueIdentifier>{5EC09D20-D8B2-B64C-80AB-C818650082CC}</UniqueIdentifier>
    </Filter>
    <Filter Include="Demos\HelloWorld">
      <UniqueIdentifier>{931F7B62-CD31-3C4E-A74E-BF59A1BBA26D}</UniqueIdentifier>
    </Filter>
  </ItemGroup>
  <ItemGroup>
    <ClCompile Include="..\..\Demos\HelloWorld\HelloWorld.cpp">
      <Filter>Demos\HelloWorld</Filter>
    </ClCompile>
  </ItemGroup>
  <ItemGroup>
    <ResourceCompile Include="..\bullet.rc" />
  </ItemGroup>
</Project>
