<?xml version="1.0" encoding="utf-8"?>
<Project ToolsVersion="4.0" xmlns="http://schemas.microsoft.com/developer/msbuild/2003">
  <ItemGroup>
    <Filter Include="Demos">
      <UniqueIdentifier>{23A6B663-591A-9441-BDC0-3A784F3778CA}</UniqueIdentifier>
    </Filter>
    <Filter Include="Demos\ConvexHullDistance">
      <UniqueIdentifier>{A45028BC-A6B3-7145-AD15-3D33D9A30FB5}</UniqueIdentifier>
    </Filter>
  </ItemGroup>
  <ItemGroup>
    <ClCompile Include="..\..\Demos\ConvexHullDistance\ConvexHullDistanceDemo.cpp">
      <Filter>Demos\ConvexHullDistance</Filter>
    </ClCompile>
  </ItemGroup>
  <ItemGroup>
    <ResourceCompile Include="..\bullet.rc" />
  </ItemGroup>
</Project>
