<?xml version="1.0" encoding="utf-8"?>
<Project ToolsVersion="4.0" xmlns="http://schemas.microsoft.com/developer/msbuild/2003">
  <ItemGroup>
    <Filter Include="Demos">
      <UniqueIdentifier>{BF4D0B8F-D169-A244-ACD8-D6EF9EC8B40D}</UniqueIdentifier>
    </Filter>
    <Filter Include="Demos\RaytestDemo">
      <UniqueIdentifier>{7A52D44D-83FE-1948-994C-5CA80702667B}</UniqueIdentifier>
    </Filter>
  </ItemGroup>
  <ItemGroup>
    <ClInclude Include="..\..\Demos\RaytestDemo\RaytestDemo.h">
      <Filter>Demos\RaytestDemo</Filter>
    </ClInclude>
  </ItemGroup>
  <ItemGroup>
    <ClCompile Include="..\..\Demos\RaytestDemo\main.cpp">
      <Filter>Demos\RaytestDemo</Filter>
    </ClCompile>
    <ClCompile Include="..\..\Demos\RaytestDemo\RaytestDemo.cpp">
      <Filter>Demos\RaytestDemo</Filter>
    </ClCompile>
    <ClCompile Include="..\..\Demos\RaytestDemo\Win32RaytestDemo.cpp">
      <Filter>Demos\RaytestDemo</Filter>
    </ClCompile>
  </ItemGroup>
  <ItemGroup>
    <ResourceCompile Include="..\bullet.rc" />
  </ItemGroup>
</Project>
