<?xml version="1.0" encoding="utf-8"?>
<Project ToolsVersion="4.0" xmlns="http://schemas.microsoft.com/developer/msbuild/2003">
  <ItemGroup>
    <Filter Include="Demos">
      <UniqueIdentifier>{3980CAA7-98C3-A844-9462-B8E95ADBB8A5}</UniqueIdentifier>
    </Filter>
    <Filter Include="Demos\VoronoiFractureDemo">
      <UniqueIdentifier>{A5406CE1-9E50-CB43-BBF9-5B45DC4F2C51}</UniqueIdentifier>
    </Filter>
  </ItemGroup>
  <ItemGroup>
    <ClInclude Include="..\..\Demos\VoronoiFractureDemo\VoronoiFractureDemo.h">
      <Filter>Demos\VoronoiFractureDemo</Filter>
    </ClInclude>
  </ItemGroup>
  <ItemGroup>
    <ClCompile Include="..\..\Demos\VoronoiFractureDemo\main.cpp">
      <Filter>Demos\VoronoiFractureDemo</Filter>
    </ClCompile>
    <ClCompile Include="..\..\Demos\VoronoiFractureDemo\VoronoiFractureDemo.cpp">
      <Filter>Demos\VoronoiFractureDemo</Filter>
    </ClCompile>
    <ClCompile Include="..\..\Demos\VoronoiFractureDemo\Win32VoronoiFractureDemo.cpp">
      <Filter>Demos\VoronoiFractureDemo</Filter>
    </ClCompile>
  </ItemGroup>
  <ItemGroup>
    <ResourceCompile Include="..\bullet.rc" />
  </ItemGroup>
</Project>
