<?xml version="1.0" encoding="utf-8"?>
<Project ToolsVersion="4.0" xmlns="http://schemas.microsoft.com/developer/msbuild/2003">
  <ItemGroup>
    <Filter Include="src">
      <UniqueIdentifier>{F0BD68A8-C886-6940-857D-27C8B076968B}</UniqueIdentifier>
    </Filter>
    <Filter Include="src\Bullet3Common">
      <UniqueIdentifier>{46D3C3D1-D169-EF4C-9EB5-54D5D12E41F8}</UniqueIdentifier>
    </Filter>
    <Filter Include="src\Bullet3Common\shared">
      <UniqueIdentifier>{148A61A9-8E5A-8C45-AF12-8F92DB07E4A7}</UniqueIdentifier>
    </Filter>
  </ItemGroup>
  <ItemGroup>
    <ClInclude Include="..\..\src\Bullet3Common\b3AlignedAllocator.h">
      <Filter>src\Bullet3Common</Filter>
    </ClInclude>
    <ClInclude Include="..\..\src\Bullet3Common\b3AlignedObjectArray.h">
      <Filter>src\Bullet3Common</Filter>
    </ClInclude>
    <ClInclude Include="..\..\src\Bullet3Common\b3CommandLineArgs.h">
      <Filter>src\Bullet3Common</Filter>
    </ClInclude>
    <ClInclude Include="..\..\src\Bullet3Common\b3HashMap.h">
      <Filter>src\Bullet3Common</Filter>
    </ClInclude>
    <ClInclude Include="..\..\src\Bullet3Common\b3Logging.h">
      <Filter>src\Bullet3Common</Filter>
    </ClInclude>
    <ClInclude Include="..\..\src\Bullet3Common\b3Matrix3x3.h">
      <Filter>src\Bullet3Common</Filter>
    </ClInclude>
    <ClInclude Include="..\..\src\Bullet3Common\b3MinMax.h">
      <Filter>src\Bullet3Common</Filter>
    </ClInclude>
    <ClInclude Include="..\..\src\Bullet3Common\b3PoolAllocator.h">
      <Filter>src\Bullet3Common</Filter>
    </ClInclude>
    <ClInclude Include="..\..\src\Bullet3Common\b3QuadWord.h">
      <Filter>src\Bullet3Common</Filter>
    </ClInclude>
    <ClInclude Include="..\..\src\Bullet3Common\b3Quaternion.h">
      <Filter>src\Bullet3Common</Filter>
    </ClInclude>
    <ClInclude Include="..\..\src\Bullet3Common\b3Random.h">
      <Filter>src\Bullet3Common</Filter>
    </ClInclude>
    <ClInclude Include="..\..\src\Bullet3Common\b3Scalar.h">
      <Filter>src\Bullet3Common</Filter>
    </ClInclude>
    <ClInclude Include="..\..\src\Bullet3Common\b3StackAlloc.h">
      <Filter>src\Bullet3Common</Filter>
    </ClInclude>
    <ClInclude Include="..\..\src\Bullet3Common\b3Transform.h">
      <Filter>src\Bullet3Common</Filter>
    </ClInclude>
    <ClInclude Include="..\..\src\Bullet3Common\b3TransformUtil.h">
      <Filter>src\Bullet3Common</Filter>
    </ClInclude>
    <ClInclude Include="..\..\src\Bullet3Common\b3Vector3.h">
      <Filter>src\Bullet3Common</Filter>
    </ClInclude>
    <ClInclude Include="..\..\src\Bullet3Common\shared\b3Float4.h">
      <Filter>src\Bullet3Common\shared</Filter>
    </ClInclude>
    <ClInclude Include="..\..\src\Bullet3Common\shared\b3Int2.h">
      <Filter>src\Bullet3Common\shared</Filter>
    </ClInclude>
    <ClInclude Include="..\..\src\Bullet3Common\shared\b3Int4.h">
      <Filter>src\Bullet3Common\shared</Filter>
    </ClInclude>
    <ClInclude Include="..\..\src\Bullet3Common\shared\b3Mat3x3.h">
      <Filter>src\Bullet3Common\shared</Filter>
    </ClInclude>
    <ClInclude Include="..\..\src\Bullet3Common\shared\b3PlatformDefinitions.h">
      <Filter>src\Bullet3Common\shared</Filter>
    </ClInclude>
    <ClInclude Include="..\..\src\Bullet3Common\shared\b3Quat.h">
      <Filter>src\Bullet3Common\shared</Filter>
    </ClInclude>
  </ItemGroup>
  <ItemGroup>
    <ClCompile Include="..\..\src\Bullet3Common\b3AlignedAllocator.cpp">
      <Filter>src\Bullet3Common</Filter>
    </ClCompile>
    <ClCompile Include="..\..\src\Bullet3Common\b3Logging.cpp">
      <Filter>src\Bullet3Common</Filter>
    </ClCompile>
    <ClCompile Include="..\..\src\Bullet3Common\b3Vector3.cpp">
      <Filter>src\Bullet3Common</Filter>
    </ClCompile>
  </ItemGroup>
</Project>
